// !$*UTF8*$!
{
	archiveVersion = 1;
	classes = {
	};
	objectVersion = 56;
	objects = {

/* Begin PBXBuildFile section */
		1094003F29A504DF00358EE8 /* QH.png in Resources */ = {isa = PBXBuildFile; fileRef = 1094001229A504DE00358EE8 /* QH.png */; };
		1094004029A504DF00358EE8 /* 2S.png in Resources */ = {isa = PBXBuildFile; fileRef = 1094001329A504DE00358EE8 /* 2S.png */; };
		1094004129A504DF00358EE8 /* 5D.png in Resources */ = {isa = PBXBuildFile; fileRef = 1094001429A504DE00358EE8 /* 5D.png */; };
		1094004229A504DF00358EE8 /* 6S.png in Resources */ = {isa = PBXBuildFile; fileRef = 1094001529A504DE00358EE8 /* 6S.png */; };
		1094004329A504DF00358EE8 /* 5S.png in Resources */ = {isa = PBXBuildFile; fileRef = 1094001629A504DE00358EE8 /* 5S.png */; };
		1094004429A504DF00358EE8 /* 7C.png in Resources */ = {isa = PBXBuildFile; fileRef = 1094001729A504DE00358EE8 /* 7C.png */; };
		1094004529A504DF00358EE8 /* 2C.png in Resources */ = {isa = PBXBuildFile; fileRef = 1094001829A504DE00358EE8 /* 2C.png */; };
		1094004629A504DF00358EE8 /* 4C.png in Resources */ = {isa = PBXBuildFile; fileRef = 1094001929A504DE00358EE8 /* 4C.png */; };
		1094004729A504DF00358EE8 /* TC.png in Resources */ = {isa = PBXBuildFile; fileRef = 1094001A29A504DE00358EE8 /* TC.png */; };
		1094004829A504DF00358EE8 /* 7H.png in Resources */ = {isa = PBXBuildFile; fileRef = 1094001B29A504DE00358EE8 /* 7H.png */; };
		1094004929A504DF00358EE8 /* AH.png in Resources */ = {isa = PBXBuildFile; fileRef = 1094001C29A504DE00358EE8 /* AH.png */; };
		1094004A29A504DF00358EE8 /* 8D.png in Resources */ = {isa = PBXBuildFile; fileRef = 1094001D29A504DE00358EE8 /* 8D.png */; };
		1094004B29A504DF00358EE8 /* JH.png in Resources */ = {isa = PBXBuildFile; fileRef = 1094001E29A504DE00358EE8 /* JH.png */; };
		1094004C29A504DF00358EE8 /* 3D.png in Resources */ = {isa = PBXBuildFile; fileRef = 1094001F29A504DE00358EE8 /* 3D.png */; };
		1094004D29A504DF00358EE8 /* QC.png in Resources */ = {isa = PBXBuildFile; fileRef = 1094002029A504DE00358EE8 /* QC.png */; };
		1094004E29A504DF00358EE8 /* AC.png in Resources */ = {isa = PBXBuildFile; fileRef = 1094002129A504DE00358EE8 /* AC.png */; };
		1094004F29A504DF00358EE8 /* 6C.png in Resources */ = {isa = PBXBuildFile; fileRef = 1094002229A504DE00358EE8 /* 6C.png */; };
		1094005029A504DF00358EE8 /* 2D.png in Resources */ = {isa = PBXBuildFile; fileRef = 1094002329A504DE00358EE8 /* 2D.png */; };
		1094005129A504DF00358EE8 /* 8H.png in Resources */ = {isa = PBXBuildFile; fileRef = 1094002429A504DE00358EE8 /* 8H.png */; };
		1094005229A504DF00358EE8 /* 9D.png in Resources */ = {isa = PBXBuildFile; fileRef = 1094002529A504DE00358EE8 /* 9D.png */; };
		1094005329A504DF00358EE8 /* KC.png in Resources */ = {isa = PBXBuildFile; fileRef = 1094002629A504DF00358EE8 /* KC.png */; };
		1094005429A504DF00358EE8 /* JD.png in Resources */ = {isa = PBXBuildFile; fileRef = 1094002729A504DF00358EE8 /* JD.png */; };
		1094005529A504DF00358EE8 /* 4H.png in Resources */ = {isa = PBXBuildFile; fileRef = 1094002829A504DF00358EE8 /* 4H.png */; };
		1094005629A504DF00358EE8 /* TH.png in Resources */ = {isa = PBXBuildFile; fileRef = 1094002929A504DF00358EE8 /* TH.png */; };
		1094005729A504DF00358EE8 /* JC.png in Resources */ = {isa = PBXBuildFile; fileRef = 1094002A29A504DF00358EE8 /* JC.png */; };
		1094005929A504DF00358EE8 /* 2H.png in Resources */ = {isa = PBXBuildFile; fileRef = 1094002C29A504DF00358EE8 /* 2H.png */; };
		1094005A29A504DF00358EE8 /* KD.png in Resources */ = {isa = PBXBuildFile; fileRef = 1094002D29A504DF00358EE8 /* KD.png */; };
		1094005B29A504DF00358EE8 /* 8C.png in Resources */ = {isa = PBXBuildFile; fileRef = 1094002E29A504DF00358EE8 /* 8C.png */; };
		1094005C29A504DF00358EE8 /* 3H.png in Resources */ = {isa = PBXBuildFile; fileRef = 1094002F29A504DF00358EE8 /* 3H.png */; };
		1094005D29A504DF00358EE8 /* 6H.png in Resources */ = {isa = PBXBuildFile; fileRef = 1094003029A504DF00358EE8 /* 6H.png */; };
		1094005E29A504DF00358EE8 /* 5C.png in Resources */ = {isa = PBXBuildFile; fileRef = 1094003129A504DF00358EE8 /* 5C.png */; };
		1094005F29A504DF00358EE8 /* 5H.png in Resources */ = {isa = PBXBuildFile; fileRef = 1094003229A504DF00358EE8 /* 5H.png */; };
		1094006029A504DF00358EE8 /* 9H.png in Resources */ = {isa = PBXBuildFile; fileRef = 1094003329A504DF00358EE8 /* 9H.png */; };
		1094006129A504DF00358EE8 /* 3S.png in Resources */ = {isa = PBXBuildFile; fileRef = 1094003429A504DF00358EE8 /* 3S.png */; };
		1094006229A504DF00358EE8 /* 7D.png in Resources */ = {isa = PBXBuildFile; fileRef = 1094003529A504DF00358EE8 /* 7D.png */; };
		1094006329A504DF00358EE8 /* 6D.png in Resources */ = {isa = PBXBuildFile; fileRef = 1094003629A504DF00358EE8 /* 6D.png */; };
		1094006429A504DF00358EE8 /* 3C.png in Resources */ = {isa = PBXBuildFile; fileRef = 1094003729A504DF00358EE8 /* 3C.png */; };
		1094006529A504DF00358EE8 /* AD.png in Resources */ = {isa = PBXBuildFile; fileRef = 1094003829A504DF00358EE8 /* AD.png */; };
		1094006629A504DF00358EE8 /* 4S.png in Resources */ = {isa = PBXBuildFile; fileRef = 1094003929A504DF00358EE8 /* 4S.png */; };
		1094006729A504DF00358EE8 /* QD.png in Resources */ = {isa = PBXBuildFile; fileRef = 1094003A29A504DF00358EE8 /* QD.png */; };
		1094006829A504DF00358EE8 /* TD.png in Resources */ = {isa = PBXBuildFile; fileRef = 1094003B29A504DF00358EE8 /* TD.png */; };
		1094006929A504DF00358EE8 /* 9C.png in Resources */ = {isa = PBXBuildFile; fileRef = 1094003C29A504DF00358EE8 /* 9C.png */; };
		1094006A29A504DF00358EE8 /* 4D.png in Resources */ = {isa = PBXBuildFile; fileRef = 1094003D29A504DF00358EE8 /* 4D.png */; };
		1094006B29A504DF00358EE8 /* KH.png in Resources */ = {isa = PBXBuildFile; fileRef = 1094003E29A504DF00358EE8 /* KH.png */; };
		1094007429A506AA00358EE8 /* 7S.png in Resources */ = {isa = PBXBuildFile; fileRef = 1094006C29A506AA00358EE8 /* 7S.png */; };
		1094007529A506AA00358EE8 /* 9S.png in Resources */ = {isa = PBXBuildFile; fileRef = 1094006D29A506AA00358EE8 /* 9S.png */; };
		1094007629A506AA00358EE8 /* AS.png in Resources */ = {isa = PBXBuildFile; fileRef = 1094006E29A506AA00358EE8 /* AS.png */; };
		1094007729A506AA00358EE8 /* TS.png in Resources */ = {isa = PBXBuildFile; fileRef = 1094006F29A506AA00358EE8 /* TS.png */; };
		1094007829A506AA00358EE8 /* 8S.png in Resources */ = {isa = PBXBuildFile; fileRef = 1094007029A506AA00358EE8 /* 8S.png */; };
		1094007929A506AA00358EE8 /* KS.png in Resources */ = {isa = PBXBuildFile; fileRef = 1094007129A506AA00358EE8 /* KS.png */; };
		1094007A29A506AA00358EE8 /* QS.png in Resources */ = {isa = PBXBuildFile; fileRef = 1094007229A506AA00358EE8 /* QS.png */; };
		1094007B29A506AA00358EE8 /* JS.png in Resources */ = {isa = PBXBuildFile; fileRef = 1094007329A506AA00358EE8 /* JS.png */; };
		1094007D29A5072700358EE8 /* BackSide.png in Resources */ = {isa = PBXBuildFile; fileRef = 1094007C29A5072700358EE8 /* BackSide.png */; };
		1094008129A508BB00358EE8 /* Events.swift in Sources */ = {isa = PBXBuildFile; fileRef = 1094008029A508BB00358EE8 /* Events.swift */; };
		10A1FFD929A739B900CB08ED /* QRCodeViewController.swift in Sources */ = {isa = PBXBuildFile; fileRef = 10A1FFD829A739B900CB08ED /* QRCodeViewController.swift */; };
		10A1FFDB29A874EE00CB08ED /* RoomJoingToTheGameView.swift in Sources */ = {isa = PBXBuildFile; fileRef = 10A1FFDA29A874EE00CB08ED /* RoomJoingToTheGameView.swift */; };
		10A1FFDE29A8794D00CB08ED /* WelcomeViewModel.swift in Sources */ = {isa = PBXBuildFile; fileRef = 10A1FFDD29A8794D00CB08ED /* WelcomeViewModel.swift */; };
		10A1FFE129A87AD000CB08ED /* QrCodeScannerViewModel.swift in Sources */ = {isa = PBXBuildFile; fileRef = 10A1FFE029A87AD000CB08ED /* QrCodeScannerViewModel.swift */; };
		10A1FFE329A87D9000CB08ED /* WelcomeAssembly.swift in Sources */ = {isa = PBXBuildFile; fileRef = 10A1FFE229A87D9000CB08ED /* WelcomeAssembly.swift */; };
		10A1FFE529A87E8400CB08ED /* QRCodeScannerAssembly.swift in Sources */ = {isa = PBXBuildFile; fileRef = 10A1FFE429A87E8400CB08ED /* QRCodeScannerAssembly.swift */; };
		10A1FFE829A880AD00CB08ED /* RoomJoingToTheGameViewModel.swift in Sources */ = {isa = PBXBuildFile; fileRef = 10A1FFE729A880AD00CB08ED /* RoomJoingToTheGameViewModel.swift */; };
		10A1FFEA29A880CD00CB08ED /* RoomJoingToTheGameAssembly.swift in Sources */ = {isa = PBXBuildFile; fileRef = 10A1FFE929A880CD00CB08ED /* RoomJoingToTheGameAssembly.swift */; };
		10A1FFEC29A8AA5F00CB08ED /* Spinner.swift in Sources */ = {isa = PBXBuildFile; fileRef = 10A1FFEB29A8AA5F00CB08ED /* Spinner.swift */; };
		10A1FFEE29A8D0E600CB08ED /* Back.swift in Sources */ = {isa = PBXBuildFile; fileRef = 10A1FFED29A8D0E600CB08ED /* Back.swift */; };
		10A1FFF129AA0B7B00CB08ED /* DeviceRotationViewModifier.swift in Sources */ = {isa = PBXBuildFile; fileRef = 10A1FFF029AA0B7B00CB08ED /* DeviceRotationViewModifier.swift */; };
		10A1FFF329AA4D0C00CB08ED /* ResponseData.swift in Sources */ = {isa = PBXBuildFile; fileRef = 10A1FFF229AA4D0C00CB08ED /* ResponseData.swift */; };
		10A1FFF529AA5C4700CB08ED /* RequestParams.swift in Sources */ = {isa = PBXBuildFile; fileRef = 10A1FFF429AA5C4700CB08ED /* RequestParams.swift */; };
		10A1FFF929AA625C00CB08ED /* Api.swift in Sources */ = {isa = PBXBuildFile; fileRef = 10A1FFF829AA625C00CB08ED /* Api.swift */; };
		10A1FFFF29AB388300CB08ED /* Constants.swift in Sources */ = {isa = PBXBuildFile; fileRef = 10A1FFFE29AB388300CB08ED /* Constants.swift */; };
		10AEBF6C29B8283C00439B51 /* Action.swift in Sources */ = {isa = PBXBuildFile; fileRef = 10AEBF6B29B8283C00439B51 /* Action.swift */; };
		10AEBF6E29B8285300439B51 /* AppState.swift in Sources */ = {isa = PBXBuildFile; fileRef = 10AEBF6D29B8285300439B51 /* AppState.swift */; };
		10AEBF7029B8286700439B51 /* Reducer.swift in Sources */ = {isa = PBXBuildFile; fileRef = 10AEBF6F29B8286700439B51 /* Reducer.swift */; };
		10AEBF7229B8287800439B51 /* Store.swift in Sources */ = {isa = PBXBuildFile; fileRef = 10AEBF7129B8287800439B51 /* Store.swift */; };
		10AEBF7629B857F000439B51 /* QRCodeScannerWorker.swift in Sources */ = {isa = PBXBuildFile; fileRef = 10AEBF7529B857F000439B51 /* QRCodeScannerWorker.swift */; };
		10AEBF7B29B876B200439B51 /* Selectors.swift in Sources */ = {isa = PBXBuildFile; fileRef = 10AEBF7A29B876B200439B51 /* Selectors.swift */; };
		10B8261129BA210800A11EA3 /* Types.swift in Sources */ = {isa = PBXBuildFile; fileRef = 10B8261029BA210800A11EA3 /* Types.swift */; };
		10B8261329BB7A1100A11EA3 /* WaitingRoomViewModel.swift in Sources */ = {isa = PBXBuildFile; fileRef = 10B8261229BB7A1100A11EA3 /* WaitingRoomViewModel.swift */; };
		10B8261529BB7A3200A11EA3 /* WaitingRoomAssembly.swift in Sources */ = {isa = PBXBuildFile; fileRef = 10B8261429BB7A3200A11EA3 /* WaitingRoomAssembly.swift */; };
		10B8261729BB7C3500A11EA3 /* WaitingRoomView.swift in Sources */ = {isa = PBXBuildFile; fileRef = 10B8261629BB7C3500A11EA3 /* WaitingRoomView.swift */; };
		10B8261929BB7CF900A11EA3 /* BarRoomView.swift in Sources */ = {isa = PBXBuildFile; fileRef = 10B8261829BB7CF900A11EA3 /* BarRoomView.swift */; };
		10B8261B29BB7D0700A11EA3 /* BarRoomViewModel.swift in Sources */ = {isa = PBXBuildFile; fileRef = 10B8261A29BB7D0700A11EA3 /* BarRoomViewModel.swift */; };
		10B8261D29BB7D1900A11EA3 /* BarRoomAssembly.swift in Sources */ = {isa = PBXBuildFile; fileRef = 10B8261C29BB7D1900A11EA3 /* BarRoomAssembly.swift */; };
		10B8261F29BB7E5B00A11EA3 /* GameRoomView.swift in Sources */ = {isa = PBXBuildFile; fileRef = 10B8261E29BB7E5B00A11EA3 /* GameRoomView.swift */; };
		10B8262129BB7E6700A11EA3 /* GameRoomViewModel.swift in Sources */ = {isa = PBXBuildFile; fileRef = 10B8262029BB7E6700A11EA3 /* GameRoomViewModel.swift */; };
		10B8262329BB7E9A00A11EA3 /* GameRoomAssembly.swift in Sources */ = {isa = PBXBuildFile; fileRef = 10B8262229BB7E9A00A11EA3 /* GameRoomAssembly.swift */; };
		10BA0293299A7C5500A1739F /* PockerControllerApp.swift in Sources */ = {isa = PBXBuildFile; fileRef = 10BA0292299A7C5500A1739F /* PockerControllerApp.swift */; };
		10BA0297299A7C5600A1739F /* Assets.xcassets in Resources */ = {isa = PBXBuildFile; fileRef = 10BA0296299A7C5600A1739F /* Assets.xcassets */; };
		10BA029A299A7C5600A1739F /* Preview Assets.xcassets in Resources */ = {isa = PBXBuildFile; fileRef = 10BA0299299A7C5600A1739F /* Preview Assets.xcassets */; };
		10BA02A4299A7C5700A1739F /* PockerControllerTests.swift in Sources */ = {isa = PBXBuildFile; fileRef = 10BA02A3299A7C5700A1739F /* PockerControllerTests.swift */; };
		10BA02AE299A7C5700A1739F /* PockerControllerUITests.swift in Sources */ = {isa = PBXBuildFile; fileRef = 10BA02AD299A7C5700A1739F /* PockerControllerUITests.swift */; };
		10BA02B0299A7C5700A1739F /* PockerControllerUITestsLaunchTests.swift in Sources */ = {isa = PBXBuildFile; fileRef = 10BA02AF299A7C5700A1739F /* PockerControllerUITestsLaunchTests.swift */; };
		10BA02C6299A835200A1739F /* DDCHardware-Compressed.otf in Resources */ = {isa = PBXBuildFile; fileRef = 10BA02C1299A835200A1739F /* DDCHardware-Compressed.otf */; };
		10BA02C7299A835200A1739F /* Gilroy-Regular.ttf in Resources */ = {isa = PBXBuildFile; fileRef = 10BA02C2299A835200A1739F /* Gilroy-Regular.ttf */; };
		10BA02C8299A835200A1739F /* DDCHardware-Condensed.otf in Resources */ = {isa = PBXBuildFile; fileRef = 10BA02C3299A835200A1739F /* DDCHardware-Condensed.otf */; };
		10BA02C9299A835200A1739F /* Gilroy-Medium.ttf in Resources */ = {isa = PBXBuildFile; fileRef = 10BA02C4299A835200A1739F /* Gilroy-Medium.ttf */; };
		10BA02CA299A835200A1739F /* DDCHardware-Regular.otf in Resources */ = {isa = PBXBuildFile; fileRef = 10BA02C5299A835200A1739F /* DDCHardware-Regular.otf */; };
		10BA02CF299D1A8C00A1739F /* SplashView.swift in Sources */ = {isa = PBXBuildFile; fileRef = 10BA02CE299D1A8C00A1739F /* SplashView.swift */; };
		10BA02D129A0ACCD00A1739F /* WelcomeView.swift in Sources */ = {isa = PBXBuildFile; fileRef = 10BA02D029A0ACCD00A1739F /* WelcomeView.swift */; };
		10BA02D529A0B23400A1739F /* ShemeColor.swift in Sources */ = {isa = PBXBuildFile; fileRef = 10BA02D429A0B23400A1739F /* ShemeColor.swift */; };
		10BA02D729A10C0700A1739F /* Typography.swift in Sources */ = {isa = PBXBuildFile; fileRef = 10BA02D629A10C0700A1739F /* Typography.swift */; };
		10BA02DA29A1E15700A1739F /* GoldButton.swift in Sources */ = {isa = PBXBuildFile; fileRef = 10BA02D929A1E15700A1739F /* GoldButton.swift */; };
		10BA02DC29A1F1B700A1739F /* BackgroundClearView.swift in Sources */ = {isa = PBXBuildFile; fileRef = 10BA02DB29A1F1B700A1739F /* BackgroundClearView.swift */; };
		10BA02DE29A20BC400A1739F /* QrCodeScannerView.swift in Sources */ = {isa = PBXBuildFile; fileRef = 10BA02DD29A20BC400A1739F /* QrCodeScannerView.swift */; };
		10BA02E329A2113200A1739F /* GuestStack.swift in Sources */ = {isa = PBXBuildFile; fileRef = 10BA02E229A2113200A1739F /* GuestStack.swift */; };
		10BA02E529A2114100A1739F /* AuthStack.swift in Sources */ = {isa = PBXBuildFile; fileRef = 10BA02E429A2114100A1739F /* AuthStack.swift */; };
		10BA02E729A211C800A1739F /* AuthRouter.swift in Sources */ = {isa = PBXBuildFile; fileRef = 10BA02E629A211C800A1739F /* AuthRouter.swift */; };
		10BA02E929A211D600A1739F /* GuestRouter.swift in Sources */ = {isa = PBXBuildFile; fileRef = 10BA02E829A211D600A1739F /* GuestRouter.swift */; };
		10BA02ED29A2141600A1739F /* GuestRoute.swift in Sources */ = {isa = PBXBuildFile; fileRef = 10BA02EC29A2141600A1739F /* GuestRoute.swift */; };
		10BA02EF29A2143900A1739F /* AuthRoute.swift in Sources */ = {isa = PBXBuildFile; fileRef = 10BA02EE29A2143900A1739F /* AuthRoute.swift */; };
		10BA02F729A2298A00A1739F /* RootStack.swift in Sources */ = {isa = PBXBuildFile; fileRef = 10BA02F629A2298A00A1739F /* RootStack.swift */; };
		35BE8919A3A0A136F9E18696 /* Pods_PockerControllerTests.framework in Frameworks */ = {isa = PBXBuildFile; fileRef = 170B172154BEAEEB4F640FAB /* Pods_PockerControllerTests.framework */; };
		3DFCD74AF6029C5D040B70C5 /* Pods_PockerController.framework in Frameworks */ = {isa = PBXBuildFile; fileRef = C0F8887A22F73BCEB693934E /* Pods_PockerController.framework */; };
		ACD3C7550E1FD9D75B45D8B0 /* Pods_PockerController_PockerControllerUITests.framework in Frameworks */ = {isa = PBXBuildFile; fileRef = 44516075CF58F5E0EBD11305 /* Pods_PockerController_PockerControllerUITests.framework */; };
/* End PBXBuildFile section */

/* Begin PBXContainerItemProxy section */
		10BA02A0299A7C5700A1739F /* PBXContainerItemProxy */ = {
			isa = PBXContainerItemProxy;
			containerPortal = 10BA0287299A7C5500A1739F /* Project object */;
			proxyType = 1;
			remoteGlobalIDString = 10BA028E299A7C5500A1739F;
			remoteInfo = PockerController;
		};
		10BA02AA299A7C5700A1739F /* PBXContainerItemProxy */ = {
			isa = PBXContainerItemProxy;
			containerPortal = 10BA0287299A7C5500A1739F /* Project object */;
			proxyType = 1;
			remoteGlobalIDString = 10BA028E299A7C5500A1739F;
			remoteInfo = PockerController;
		};
/* End PBXContainerItemProxy section */

/* Begin PBXFileReference section */
		1094001229A504DE00358EE8 /* QH.png */ = {isa = PBXFileReference; lastKnownFileType = image.png; path = QH.png; sourceTree = "<group>"; };
		1094001329A504DE00358EE8 /* 2S.png */ = {isa = PBXFileReference; lastKnownFileType = image.png; path = 2S.png; sourceTree = "<group>"; };
		1094001429A504DE00358EE8 /* 5D.png */ = {isa = PBXFileReference; lastKnownFileType = image.png; path = 5D.png; sourceTree = "<group>"; };
		1094001529A504DE00358EE8 /* 6S.png */ = {isa = PBXFileReference; lastKnownFileType = image.png; path = 6S.png; sourceTree = "<group>"; };
		1094001629A504DE00358EE8 /* 5S.png */ = {isa = PBXFileReference; lastKnownFileType = image.png; path = 5S.png; sourceTree = "<group>"; };
		1094001729A504DE00358EE8 /* 7C.png */ = {isa = PBXFileReference; lastKnownFileType = image.png; path = 7C.png; sourceTree = "<group>"; };
		1094001829A504DE00358EE8 /* 2C.png */ = {isa = PBXFileReference; lastKnownFileType = image.png; path = 2C.png; sourceTree = "<group>"; };
		1094001929A504DE00358EE8 /* 4C.png */ = {isa = PBXFileReference; lastKnownFileType = image.png; path = 4C.png; sourceTree = "<group>"; };
		1094001A29A504DE00358EE8 /* TC.png */ = {isa = PBXFileReference; lastKnownFileType = image.png; path = TC.png; sourceTree = "<group>"; };
		1094001B29A504DE00358EE8 /* 7H.png */ = {isa = PBXFileReference; lastKnownFileType = image.png; path = 7H.png; sourceTree = "<group>"; };
		1094001C29A504DE00358EE8 /* AH.png */ = {isa = PBXFileReference; lastKnownFileType = image.png; path = AH.png; sourceTree = "<group>"; };
		1094001D29A504DE00358EE8 /* 8D.png */ = {isa = PBXFileReference; lastKnownFileType = image.png; path = 8D.png; sourceTree = "<group>"; };
		1094001E29A504DE00358EE8 /* JH.png */ = {isa = PBXFileReference; lastKnownFileType = image.png; path = JH.png; sourceTree = "<group>"; };
		1094001F29A504DE00358EE8 /* 3D.png */ = {isa = PBXFileReference; lastKnownFileType = image.png; path = 3D.png; sourceTree = "<group>"; };
		1094002029A504DE00358EE8 /* QC.png */ = {isa = PBXFileReference; lastKnownFileType = image.png; path = QC.png; sourceTree = "<group>"; };
		1094002129A504DE00358EE8 /* AC.png */ = {isa = PBXFileReference; lastKnownFileType = image.png; path = AC.png; sourceTree = "<group>"; };
		1094002229A504DE00358EE8 /* 6C.png */ = {isa = PBXFileReference; lastKnownFileType = image.png; path = 6C.png; sourceTree = "<group>"; };
		1094002329A504DE00358EE8 /* 2D.png */ = {isa = PBXFileReference; lastKnownFileType = image.png; path = 2D.png; sourceTree = "<group>"; };
		1094002429A504DE00358EE8 /* 8H.png */ = {isa = PBXFileReference; lastKnownFileType = image.png; path = 8H.png; sourceTree = "<group>"; };
		1094002529A504DE00358EE8 /* 9D.png */ = {isa = PBXFileReference; lastKnownFileType = image.png; path = 9D.png; sourceTree = "<group>"; };
		1094002629A504DF00358EE8 /* KC.png */ = {isa = PBXFileReference; lastKnownFileType = image.png; path = KC.png; sourceTree = "<group>"; };
		1094002729A504DF00358EE8 /* JD.png */ = {isa = PBXFileReference; lastKnownFileType = image.png; path = JD.png; sourceTree = "<group>"; };
		1094002829A504DF00358EE8 /* 4H.png */ = {isa = PBXFileReference; lastKnownFileType = image.png; path = 4H.png; sourceTree = "<group>"; };
		1094002929A504DF00358EE8 /* TH.png */ = {isa = PBXFileReference; lastKnownFileType = image.png; path = TH.png; sourceTree = "<group>"; };
		1094002A29A504DF00358EE8 /* JC.png */ = {isa = PBXFileReference; lastKnownFileType = image.png; path = JC.png; sourceTree = "<group>"; };
		1094002C29A504DF00358EE8 /* 2H.png */ = {isa = PBXFileReference; lastKnownFileType = image.png; path = 2H.png; sourceTree = "<group>"; };
		1094002D29A504DF00358EE8 /* KD.png */ = {isa = PBXFileReference; lastKnownFileType = image.png; path = KD.png; sourceTree = "<group>"; };
		1094002E29A504DF00358EE8 /* 8C.png */ = {isa = PBXFileReference; lastKnownFileType = image.png; path = 8C.png; sourceTree = "<group>"; };
		1094002F29A504DF00358EE8 /* 3H.png */ = {isa = PBXFileReference; lastKnownFileType = image.png; path = 3H.png; sourceTree = "<group>"; };
		1094003029A504DF00358EE8 /* 6H.png */ = {isa = PBXFileReference; lastKnownFileType = image.png; path = 6H.png; sourceTree = "<group>"; };
		1094003129A504DF00358EE8 /* 5C.png */ = {isa = PBXFileReference; lastKnownFileType = image.png; path = 5C.png; sourceTree = "<group>"; };
		1094003229A504DF00358EE8 /* 5H.png */ = {isa = PBXFileReference; lastKnownFileType = image.png; path = 5H.png; sourceTree = "<group>"; };
		1094003329A504DF00358EE8 /* 9H.png */ = {isa = PBXFileReference; lastKnownFileType = image.png; path = 9H.png; sourceTree = "<group>"; };
		1094003429A504DF00358EE8 /* 3S.png */ = {isa = PBXFileReference; lastKnownFileType = image.png; path = 3S.png; sourceTree = "<group>"; };
		1094003529A504DF00358EE8 /* 7D.png */ = {isa = PBXFileReference; lastKnownFileType = image.png; path = 7D.png; sourceTree = "<group>"; };
		1094003629A504DF00358EE8 /* 6D.png */ = {isa = PBXFileReference; lastKnownFileType = image.png; path = 6D.png; sourceTree = "<group>"; };
		1094003729A504DF00358EE8 /* 3C.png */ = {isa = PBXFileReference; lastKnownFileType = image.png; path = 3C.png; sourceTree = "<group>"; };
		1094003829A504DF00358EE8 /* AD.png */ = {isa = PBXFileReference; lastKnownFileType = image.png; path = AD.png; sourceTree = "<group>"; };
		1094003929A504DF00358EE8 /* 4S.png */ = {isa = PBXFileReference; lastKnownFileType = image.png; path = 4S.png; sourceTree = "<group>"; };
		1094003A29A504DF00358EE8 /* QD.png */ = {isa = PBXFileReference; lastKnownFileType = image.png; path = QD.png; sourceTree = "<group>"; };
		1094003B29A504DF00358EE8 /* TD.png */ = {isa = PBXFileReference; lastKnownFileType = image.png; path = TD.png; sourceTree = "<group>"; };
		1094003C29A504DF00358EE8 /* 9C.png */ = {isa = PBXFileReference; lastKnownFileType = image.png; path = 9C.png; sourceTree = "<group>"; };
		1094003D29A504DF00358EE8 /* 4D.png */ = {isa = PBXFileReference; lastKnownFileType = image.png; path = 4D.png; sourceTree = "<group>"; };
		1094003E29A504DF00358EE8 /* KH.png */ = {isa = PBXFileReference; lastKnownFileType = image.png; path = KH.png; sourceTree = "<group>"; };
		1094006C29A506AA00358EE8 /* 7S.png */ = {isa = PBXFileReference; lastKnownFileType = image.png; path = 7S.png; sourceTree = "<group>"; };
		1094006D29A506AA00358EE8 /* 9S.png */ = {isa = PBXFileReference; lastKnownFileType = image.png; path = 9S.png; sourceTree = "<group>"; };
		1094006E29A506AA00358EE8 /* AS.png */ = {isa = PBXFileReference; lastKnownFileType = image.png; path = AS.png; sourceTree = "<group>"; };
		1094006F29A506AA00358EE8 /* TS.png */ = {isa = PBXFileReference; lastKnownFileType = image.png; path = TS.png; sourceTree = "<group>"; };
		1094007029A506AA00358EE8 /* 8S.png */ = {isa = PBXFileReference; lastKnownFileType = image.png; path = 8S.png; sourceTree = "<group>"; };
		1094007129A506AA00358EE8 /* KS.png */ = {isa = PBXFileReference; lastKnownFileType = image.png; path = KS.png; sourceTree = "<group>"; };
		1094007229A506AA00358EE8 /* QS.png */ = {isa = PBXFileReference; lastKnownFileType = image.png; path = QS.png; sourceTree = "<group>"; };
		1094007329A506AA00358EE8 /* JS.png */ = {isa = PBXFileReference; lastKnownFileType = image.png; path = JS.png; sourceTree = "<group>"; };
		1094007C29A5072700358EE8 /* BackSide.png */ = {isa = PBXFileReference; lastKnownFileType = image.png; path = BackSide.png; sourceTree = "<group>"; };
		1094008029A508BB00358EE8 /* Events.swift */ = {isa = PBXFileReference; lastKnownFileType = sourcecode.swift; path = Events.swift; sourceTree = "<group>"; };
		10A1FFD829A739B900CB08ED /* QRCodeViewController.swift */ = {isa = PBXFileReference; lastKnownFileType = sourcecode.swift; path = QRCodeViewController.swift; sourceTree = "<group>"; };
		10A1FFDA29A874EE00CB08ED /* RoomJoingToTheGameView.swift */ = {isa = PBXFileReference; lastKnownFileType = sourcecode.swift; path = RoomJoingToTheGameView.swift; sourceTree = "<group>"; };
		10A1FFDD29A8794D00CB08ED /* WelcomeViewModel.swift */ = {isa = PBXFileReference; lastKnownFileType = sourcecode.swift; path = WelcomeViewModel.swift; sourceTree = "<group>"; };
		10A1FFE029A87AD000CB08ED /* QrCodeScannerViewModel.swift */ = {isa = PBXFileReference; lastKnownFileType = sourcecode.swift; path = QrCodeScannerViewModel.swift; sourceTree = "<group>"; };
		10A1FFE229A87D9000CB08ED /* WelcomeAssembly.swift */ = {isa = PBXFileReference; lastKnownFileType = sourcecode.swift; path = WelcomeAssembly.swift; sourceTree = "<group>"; };
		10A1FFE429A87E8400CB08ED /* QRCodeScannerAssembly.swift */ = {isa = PBXFileReference; lastKnownFileType = sourcecode.swift; path = QRCodeScannerAssembly.swift; sourceTree = "<group>"; };
		10A1FFE729A880AD00CB08ED /* RoomJoingToTheGameViewModel.swift */ = {isa = PBXFileReference; lastKnownFileType = sourcecode.swift; path = RoomJoingToTheGameViewModel.swift; sourceTree = "<group>"; };
		10A1FFE929A880CD00CB08ED /* RoomJoingToTheGameAssembly.swift */ = {isa = PBXFileReference; lastKnownFileType = sourcecode.swift; path = RoomJoingToTheGameAssembly.swift; sourceTree = "<group>"; };
		10A1FFEB29A8AA5F00CB08ED /* Spinner.swift */ = {isa = PBXFileReference; lastKnownFileType = sourcecode.swift; path = Spinner.swift; sourceTree = "<group>"; };
		10A1FFED29A8D0E600CB08ED /* Back.swift */ = {isa = PBXFileReference; lastKnownFileType = sourcecode.swift; path = Back.swift; sourceTree = "<group>"; };
		10A1FFF029AA0B7B00CB08ED /* DeviceRotationViewModifier.swift */ = {isa = PBXFileReference; lastKnownFileType = sourcecode.swift; path = DeviceRotationViewModifier.swift; sourceTree = "<group>"; };
		10A1FFF229AA4D0C00CB08ED /* ResponseData.swift */ = {isa = PBXFileReference; lastKnownFileType = sourcecode.swift; path = ResponseData.swift; sourceTree = "<group>"; };
		10A1FFF429AA5C4700CB08ED /* RequestParams.swift */ = {isa = PBXFileReference; lastKnownFileType = sourcecode.swift; path = RequestParams.swift; sourceTree = "<group>"; };
		10A1FFF829AA625C00CB08ED /* Api.swift */ = {isa = PBXFileReference; lastKnownFileType = sourcecode.swift; path = Api.swift; sourceTree = "<group>"; };
		10A1FFFD29AB373B00CB08ED /* Secrets.xcconfig */ = {isa = PBXFileReference; lastKnownFileType = text.xcconfig; path = Secrets.xcconfig; sourceTree = "<group>"; };
		10A1FFFE29AB388300CB08ED /* Constants.swift */ = {isa = PBXFileReference; lastKnownFileType = sourcecode.swift; path = Constants.swift; sourceTree = "<group>"; };
		10AEBF6B29B8283C00439B51 /* Action.swift */ = {isa = PBXFileReference; lastKnownFileType = sourcecode.swift; path = Action.swift; sourceTree = "<group>"; };
		10AEBF6D29B8285300439B51 /* AppState.swift */ = {isa = PBXFileReference; lastKnownFileType = sourcecode.swift; path = AppState.swift; sourceTree = "<group>"; };
		10AEBF6F29B8286700439B51 /* Reducer.swift */ = {isa = PBXFileReference; lastKnownFileType = sourcecode.swift; path = Reducer.swift; sourceTree = "<group>"; };
		10AEBF7129B8287800439B51 /* Store.swift */ = {isa = PBXFileReference; lastKnownFileType = sourcecode.swift; path = Store.swift; sourceTree = "<group>"; };
		10AEBF7529B857F000439B51 /* QRCodeScannerWorker.swift */ = {isa = PBXFileReference; lastKnownFileType = sourcecode.swift; path = QRCodeScannerWorker.swift; sourceTree = "<group>"; };
		10AEBF7A29B876B200439B51 /* Selectors.swift */ = {isa = PBXFileReference; lastKnownFileType = sourcecode.swift; path = Selectors.swift; sourceTree = "<group>"; };
		10B8261029BA210800A11EA3 /* Types.swift */ = {isa = PBXFileReference; lastKnownFileType = sourcecode.swift; path = Types.swift; sourceTree = "<group>"; };
		10B8261229BB7A1100A11EA3 /* WaitingRoomViewModel.swift */ = {isa = PBXFileReference; lastKnownFileType = sourcecode.swift; path = WaitingRoomViewModel.swift; sourceTree = "<group>"; };
		10B8261429BB7A3200A11EA3 /* WaitingRoomAssembly.swift */ = {isa = PBXFileReference; lastKnownFileType = sourcecode.swift; path = WaitingRoomAssembly.swift; sourceTree = "<group>"; };
		10B8261629BB7C3500A11EA3 /* WaitingRoomView.swift */ = {isa = PBXFileReference; lastKnownFileType = sourcecode.swift; path = WaitingRoomView.swift; sourceTree = "<group>"; };
		10B8261829BB7CF900A11EA3 /* BarRoomView.swift */ = {isa = PBXFileReference; lastKnownFileType = sourcecode.swift; path = BarRoomView.swift; sourceTree = "<group>"; };
		10B8261A29BB7D0700A11EA3 /* BarRoomViewModel.swift */ = {isa = PBXFileReference; lastKnownFileType = sourcecode.swift; path = BarRoomViewModel.swift; sourceTree = "<group>"; };
		10B8261C29BB7D1900A11EA3 /* BarRoomAssembly.swift */ = {isa = PBXFileReference; lastKnownFileType = sourcecode.swift; path = BarRoomAssembly.swift; sourceTree = "<group>"; };
		10B8261E29BB7E5B00A11EA3 /* GameRoomView.swift */ = {isa = PBXFileReference; lastKnownFileType = sourcecode.swift; path = GameRoomView.swift; sourceTree = "<group>"; };
		10B8262029BB7E6700A11EA3 /* GameRoomViewModel.swift */ = {isa = PBXFileReference; lastKnownFileType = sourcecode.swift; path = GameRoomViewModel.swift; sourceTree = "<group>"; };
		10B8262229BB7E9A00A11EA3 /* GameRoomAssembly.swift */ = {isa = PBXFileReference; lastKnownFileType = sourcecode.swift; path = GameRoomAssembly.swift; sourceTree = "<group>"; };
		10BA028F299A7C5500A1739F /* PockerController.app */ = {isa = PBXFileReference; explicitFileType = wrapper.application; includeInIndex = 0; path = PockerController.app; sourceTree = BUILT_PRODUCTS_DIR; };
		10BA0292299A7C5500A1739F /* PockerControllerApp.swift */ = {isa = PBXFileReference; lastKnownFileType = sourcecode.swift; path = PockerControllerApp.swift; sourceTree = "<group>"; };
		10BA0296299A7C5600A1739F /* Assets.xcassets */ = {isa = PBXFileReference; lastKnownFileType = folder.assetcatalog; path = Assets.xcassets; sourceTree = "<group>"; };
		10BA0299299A7C5600A1739F /* Preview Assets.xcassets */ = {isa = PBXFileReference; lastKnownFileType = folder.assetcatalog; path = "Preview Assets.xcassets"; sourceTree = "<group>"; };
		10BA029F299A7C5700A1739F /* PockerControllerTests.xctest */ = {isa = PBXFileReference; explicitFileType = wrapper.cfbundle; includeInIndex = 0; path = PockerControllerTests.xctest; sourceTree = BUILT_PRODUCTS_DIR; };
		10BA02A3299A7C5700A1739F /* PockerControllerTests.swift */ = {isa = PBXFileReference; lastKnownFileType = sourcecode.swift; path = PockerControllerTests.swift; sourceTree = "<group>"; };
		10BA02A9299A7C5700A1739F /* PockerControllerUITests.xctest */ = {isa = PBXFileReference; explicitFileType = wrapper.cfbundle; includeInIndex = 0; path = PockerControllerUITests.xctest; sourceTree = BUILT_PRODUCTS_DIR; };
		10BA02AD299A7C5700A1739F /* PockerControllerUITests.swift */ = {isa = PBXFileReference; lastKnownFileType = sourcecode.swift; path = PockerControllerUITests.swift; sourceTree = "<group>"; };
		10BA02AF299A7C5700A1739F /* PockerControllerUITestsLaunchTests.swift */ = {isa = PBXFileReference; lastKnownFileType = sourcecode.swift; path = PockerControllerUITestsLaunchTests.swift; sourceTree = "<group>"; };
		10BA02C1299A835200A1739F /* DDCHardware-Compressed.otf */ = {isa = PBXFileReference; lastKnownFileType = file; path = "DDCHardware-Compressed.otf"; sourceTree = "<group>"; };
		10BA02C2299A835200A1739F /* Gilroy-Regular.ttf */ = {isa = PBXFileReference; lastKnownFileType = file; path = "Gilroy-Regular.ttf"; sourceTree = "<group>"; };
		10BA02C3299A835200A1739F /* DDCHardware-Condensed.otf */ = {isa = PBXFileReference; lastKnownFileType = file; path = "DDCHardware-Condensed.otf"; sourceTree = "<group>"; };
		10BA02C4299A835200A1739F /* Gilroy-Medium.ttf */ = {isa = PBXFileReference; lastKnownFileType = file; path = "Gilroy-Medium.ttf"; sourceTree = "<group>"; };
		10BA02C5299A835200A1739F /* DDCHardware-Regular.otf */ = {isa = PBXFileReference; lastKnownFileType = file; path = "DDCHardware-Regular.otf"; sourceTree = "<group>"; };
		10BA02CB299A872D00A1739F /* Info.plist */ = {isa = PBXFileReference; lastKnownFileType = text.plist.xml; path = Info.plist; sourceTree = "<group>"; };
		10BA02CE299D1A8C00A1739F /* SplashView.swift */ = {isa = PBXFileReference; lastKnownFileType = sourcecode.swift; path = SplashView.swift; sourceTree = "<group>"; };
		10BA02D029A0ACCD00A1739F /* WelcomeView.swift */ = {isa = PBXFileReference; lastKnownFileType = sourcecode.swift; path = WelcomeView.swift; sourceTree = "<group>"; };
		10BA02D429A0B23400A1739F /* ShemeColor.swift */ = {isa = PBXFileReference; lastKnownFileType = sourcecode.swift; path = ShemeColor.swift; sourceTree = "<group>"; };
		10BA02D629A10C0700A1739F /* Typography.swift */ = {isa = PBXFileReference; lastKnownFileType = sourcecode.swift; path = Typography.swift; sourceTree = "<group>"; };
		10BA02D929A1E15700A1739F /* GoldButton.swift */ = {isa = PBXFileReference; lastKnownFileType = sourcecode.swift; path = GoldButton.swift; sourceTree = "<group>"; };
		10BA02DB29A1F1B700A1739F /* BackgroundClearView.swift */ = {isa = PBXFileReference; lastKnownFileType = sourcecode.swift; path = BackgroundClearView.swift; sourceTree = "<group>"; };
		10BA02DD29A20BC400A1739F /* QrCodeScannerView.swift */ = {isa = PBXFileReference; lastKnownFileType = sourcecode.swift; path = QrCodeScannerView.swift; sourceTree = "<group>"; };
		10BA02E229A2113200A1739F /* GuestStack.swift */ = {isa = PBXFileReference; lastKnownFileType = sourcecode.swift; path = GuestStack.swift; sourceTree = "<group>"; };
		10BA02E429A2114100A1739F /* AuthStack.swift */ = {isa = PBXFileReference; lastKnownFileType = sourcecode.swift; path = AuthStack.swift; sourceTree = "<group>"; };
		10BA02E629A211C800A1739F /* AuthRouter.swift */ = {isa = PBXFileReference; lastKnownFileType = sourcecode.swift; path = AuthRouter.swift; sourceTree = "<group>"; };
		10BA02E829A211D600A1739F /* GuestRouter.swift */ = {isa = PBXFileReference; lastKnownFileType = sourcecode.swift; path = GuestRouter.swift; sourceTree = "<group>"; };
		10BA02EC29A2141600A1739F /* GuestRoute.swift */ = {isa = PBXFileReference; lastKnownFileType = sourcecode.swift; path = GuestRoute.swift; sourceTree = "<group>"; };
		10BA02EE29A2143900A1739F /* AuthRoute.swift */ = {isa = PBXFileReference; lastKnownFileType = sourcecode.swift; path = AuthRoute.swift; sourceTree = "<group>"; };
		10BA02F629A2298A00A1739F /* RootStack.swift */ = {isa = PBXFileReference; lastKnownFileType = sourcecode.swift; path = RootStack.swift; sourceTree = "<group>"; };
		170B172154BEAEEB4F640FAB /* Pods_PockerControllerTests.framework */ = {isa = PBXFileReference; explicitFileType = wrapper.framework; includeInIndex = 0; path = Pods_PockerControllerTests.framework; sourceTree = BUILT_PRODUCTS_DIR; };
		1A1A064D3B14B88FF7873DA3 /* Pods-PockerController.debug.xcconfig */ = {isa = PBXFileReference; includeInIndex = 1; lastKnownFileType = text.xcconfig; name = "Pods-PockerController.debug.xcconfig"; path = "Target Support Files/Pods-PockerController/Pods-PockerController.debug.xcconfig"; sourceTree = "<group>"; };
		283F2B83D8FE6A2B02CC86F9 /* Pods-PockerController-PockerControllerUITests.release.xcconfig */ = {isa = PBXFileReference; includeInIndex = 1; lastKnownFileType = text.xcconfig; name = "Pods-PockerController-PockerControllerUITests.release.xcconfig"; path = "Target Support Files/Pods-PockerController-PockerControllerUITests/Pods-PockerController-PockerControllerUITests.release.xcconfig"; sourceTree = "<group>"; };
		2E4125BA04026463EC29579A /* Pods-PockerController.release.xcconfig */ = {isa = PBXFileReference; includeInIndex = 1; lastKnownFileType = text.xcconfig; name = "Pods-PockerController.release.xcconfig"; path = "Target Support Files/Pods-PockerController/Pods-PockerController.release.xcconfig"; sourceTree = "<group>"; };
		44516075CF58F5E0EBD11305 /* Pods_PockerController_PockerControllerUITests.framework */ = {isa = PBXFileReference; explicitFileType = wrapper.framework; includeInIndex = 0; path = Pods_PockerController_PockerControllerUITests.framework; sourceTree = BUILT_PRODUCTS_DIR; };
		52ADCD1EEC8C26BFDC9578FA /* Pods-PockerController-PockerControllerUITests.debug.xcconfig */ = {isa = PBXFileReference; includeInIndex = 1; lastKnownFileType = text.xcconfig; name = "Pods-PockerController-PockerControllerUITests.debug.xcconfig"; path = "Target Support Files/Pods-PockerController-PockerControllerUITests/Pods-PockerController-PockerControllerUITests.debug.xcconfig"; sourceTree = "<group>"; };
		76144146932874E03F50EC3A /* Pods-PockerControllerTests.debug.xcconfig */ = {isa = PBXFileReference; includeInIndex = 1; lastKnownFileType = text.xcconfig; name = "Pods-PockerControllerTests.debug.xcconfig"; path = "Target Support Files/Pods-PockerControllerTests/Pods-PockerControllerTests.debug.xcconfig"; sourceTree = "<group>"; };
		7D94AABFDA3B40D046CABADF /* Pods-PockerControllerTests.release.xcconfig */ = {isa = PBXFileReference; includeInIndex = 1; lastKnownFileType = text.xcconfig; name = "Pods-PockerControllerTests.release.xcconfig"; path = "Target Support Files/Pods-PockerControllerTests/Pods-PockerControllerTests.release.xcconfig"; sourceTree = "<group>"; };
		C0F8887A22F73BCEB693934E /* Pods_PockerController.framework */ = {isa = PBXFileReference; explicitFileType = wrapper.framework; includeInIndex = 0; path = Pods_PockerController.framework; sourceTree = BUILT_PRODUCTS_DIR; };
/* End PBXFileReference section */

/* Begin PBXFrameworksBuildPhase section */
		10BA028C299A7C5500A1739F /* Frameworks */ = {
			isa = PBXFrameworksBuildPhase;
			buildActionMask = 2147483647;
			files = (
				3DFCD74AF6029C5D040B70C5 /* Pods_PockerController.framework in Frameworks */,
			);
			runOnlyForDeploymentPostprocessing = 0;
		};
		10BA029C299A7C5700A1739F /* Frameworks */ = {
			isa = PBXFrameworksBuildPhase;
			buildActionMask = 2147483647;
			files = (
				35BE8919A3A0A136F9E18696 /* Pods_PockerControllerTests.framework in Frameworks */,
			);
			runOnlyForDeploymentPostprocessing = 0;
		};
		10BA02A6299A7C5700A1739F /* Frameworks */ = {
			isa = PBXFrameworksBuildPhase;
			buildActionMask = 2147483647;
			files = (
				ACD3C7550E1FD9D75B45D8B0 /* Pods_PockerController_PockerControllerUITests.framework in Frameworks */,
			);
			runOnlyForDeploymentPostprocessing = 0;
		};
/* End PBXFrameworksBuildPhase section */

/* Begin PBXGroup section */
		1094001129A504AE00358EE8 /* Cards */ = {
			isa = PBXGroup;
			children = (
				1094007C29A5072700358EE8 /* BackSide.png */,
				1094001829A504DE00358EE8 /* 2C.png */,
				1094003729A504DF00358EE8 /* 3C.png */,
				1094001929A504DE00358EE8 /* 4C.png */,
				1094003129A504DF00358EE8 /* 5C.png */,
				1094002229A504DE00358EE8 /* 6C.png */,
				1094001729A504DE00358EE8 /* 7C.png */,
				1094002E29A504DF00358EE8 /* 8C.png */,
				1094003C29A504DF00358EE8 /* 9C.png */,
				1094001A29A504DE00358EE8 /* TC.png */,
				1094002129A504DE00358EE8 /* AC.png */,
				1094002A29A504DF00358EE8 /* JC.png */,
				1094002629A504DF00358EE8 /* KC.png */,
				1094002029A504DE00358EE8 /* QC.png */,
				1094002329A504DE00358EE8 /* 2D.png */,
				1094001F29A504DE00358EE8 /* 3D.png */,
				1094003D29A504DF00358EE8 /* 4D.png */,
				1094001429A504DE00358EE8 /* 5D.png */,
				1094003629A504DF00358EE8 /* 6D.png */,
				1094003529A504DF00358EE8 /* 7D.png */,
				1094001D29A504DE00358EE8 /* 8D.png */,
				1094002529A504DE00358EE8 /* 9D.png */,
				1094003B29A504DF00358EE8 /* TD.png */,
				1094003829A504DF00358EE8 /* AD.png */,
				1094002729A504DF00358EE8 /* JD.png */,
				1094002D29A504DF00358EE8 /* KD.png */,
				1094003A29A504DF00358EE8 /* QD.png */,
				1094002C29A504DF00358EE8 /* 2H.png */,
				1094002F29A504DF00358EE8 /* 3H.png */,
				1094002829A504DF00358EE8 /* 4H.png */,
				1094003229A504DF00358EE8 /* 5H.png */,
				1094003029A504DF00358EE8 /* 6H.png */,
				1094001B29A504DE00358EE8 /* 7H.png */,
				1094002429A504DE00358EE8 /* 8H.png */,
				1094003329A504DF00358EE8 /* 9H.png */,
				1094002929A504DF00358EE8 /* TH.png */,
				1094001C29A504DE00358EE8 /* AH.png */,
				1094001E29A504DE00358EE8 /* JH.png */,
				1094003E29A504DF00358EE8 /* KH.png */,
				1094001229A504DE00358EE8 /* QH.png */,
				1094001329A504DE00358EE8 /* 2S.png */,
				1094003429A504DF00358EE8 /* 3S.png */,
				1094003929A504DF00358EE8 /* 4S.png */,
				1094001629A504DE00358EE8 /* 5S.png */,
				1094001529A504DE00358EE8 /* 6S.png */,
				1094006C29A506AA00358EE8 /* 7S.png */,
				1094007029A506AA00358EE8 /* 8S.png */,
				1094006D29A506AA00358EE8 /* 9S.png */,
				1094006F29A506AA00358EE8 /* TS.png */,
				1094006E29A506AA00358EE8 /* AS.png */,
				1094007329A506AA00358EE8 /* JS.png */,
				1094007129A506AA00358EE8 /* KS.png */,
				1094007229A506AA00358EE8 /* QS.png */,
			);
			path = Cards;
			sourceTree = "<group>";
		};
		1094007E29A5086300358EE8 /* Worker */ = {
			isa = PBXGroup;
			children = (
				10AEBF7529B857F000439B51 /* QRCodeScannerWorker.swift */,
			);
			path = Worker;
			sourceTree = "<group>";
		};
		1094007F29A5086F00358EE8 /* Websocket */ = {
			isa = PBXGroup;
			children = (
				1094008029A508BB00358EE8 /* Events.swift */,
			);
			path = Websocket;
			sourceTree = "<group>";
		};
		10A1FFDC29A8792C00CB08ED /* Welcome */ = {
			isa = PBXGroup;
			children = (
				10BA02D029A0ACCD00A1739F /* WelcomeView.swift */,
				10A1FFDD29A8794D00CB08ED /* WelcomeViewModel.swift */,
				10A1FFE229A87D9000CB08ED /* WelcomeAssembly.swift */,
			);
			path = Welcome;
			sourceTree = "<group>";
		};
		10A1FFDF29A87A8E00CB08ED /* QRCodeScanner */ = {
			isa = PBXGroup;
			children = (
				10A1FFD829A739B900CB08ED /* QRCodeViewController.swift */,
				10BA02DD29A20BC400A1739F /* QrCodeScannerView.swift */,
				10A1FFE029A87AD000CB08ED /* QrCodeScannerViewModel.swift */,
				10A1FFE429A87E8400CB08ED /* QRCodeScannerAssembly.swift */,
			);
			path = QRCodeScanner;
			sourceTree = "<group>";
		};
		10A1FFE629A8805F00CB08ED /* RoomJoingToTheGame */ = {
			isa = PBXGroup;
			children = (
				10A1FFDA29A874EE00CB08ED /* RoomJoingToTheGameView.swift */,
				10A1FFE729A880AD00CB08ED /* RoomJoingToTheGameViewModel.swift */,
				10A1FFE929A880CD00CB08ED /* RoomJoingToTheGameAssembly.swift */,
			);
			path = RoomJoingToTheGame;
			sourceTree = "<group>";
		};
		10A1FFEF29AA0B0C00CB08ED /* Services */ = {
			isa = PBXGroup;
			children = (
				1094007F29A5086F00358EE8 /* Websocket */,
				10AEBF6A29B8282400439B51 /* Flux */,
				10A1FFF829AA625C00CB08ED /* Api.swift */,
			);
			path = Services;
			sourceTree = "<group>";
		};
		10A1FFF629AA621400CB08ED /* Core */ = {
			isa = PBXGroup;
			children = (
				10A1FFF029AA0B7B00CB08ED /* DeviceRotationViewModifier.swift */,
				10BA02DB29A1F1B700A1739F /* BackgroundClearView.swift */,
			);
			path = Core;
			sourceTree = "<group>";
		};
		10AEBF6A29B8282400439B51 /* Flux */ = {
			isa = PBXGroup;
			children = (
				10AEBF6B29B8283C00439B51 /* Action.swift */,
				10AEBF6D29B8285300439B51 /* AppState.swift */,
				10AEBF6F29B8286700439B51 /* Reducer.swift */,
				10AEBF7129B8287800439B51 /* Store.swift */,
				10AEBF7A29B876B200439B51 /* Selectors.swift */,
			);
			path = Flux;
			sourceTree = "<group>";
		};
		10AEBF7729B86EDE00439B51 /* WaitingRoom */ = {
			isa = PBXGroup;
			children = (
				10B8261229BB7A1100A11EA3 /* WaitingRoomViewModel.swift */,
				10B8261429BB7A3200A11EA3 /* WaitingRoomAssembly.swift */,
				10B8261629BB7C3500A11EA3 /* WaitingRoomView.swift */,
			);
			path = WaitingRoom;
			sourceTree = "<group>";
		};
		10AEBF7829B86EF000439B51 /* GameRoom */ = {
			isa = PBXGroup;
			children = (
				10B8261E29BB7E5B00A11EA3 /* GameRoomView.swift */,
				10B8262029BB7E6700A11EA3 /* GameRoomViewModel.swift */,
				10B8262229BB7E9A00A11EA3 /* GameRoomAssembly.swift */,
			);
			path = GameRoom;
			sourceTree = "<group>";
		};
		10AEBF7929B86EFF00439B51 /* BarRoom */ = {
			isa = PBXGroup;
			children = (
				10B8261829BB7CF900A11EA3 /* BarRoomView.swift */,
				10B8261A29BB7D0700A11EA3 /* BarRoomViewModel.swift */,
				10B8261C29BB7D1900A11EA3 /* BarRoomAssembly.swift */,
			);
			path = BarRoom;
			sourceTree = "<group>";
		};
		10BA0286299A7C5500A1739F = {
			isa = PBXGroup;
			children = (
				10BA0291299A7C5500A1739F /* PockerController */,
				10BA02A2299A7C5700A1739F /* PockerControllerTests */,
				10BA02AC299A7C5700A1739F /* PockerControllerUITests */,
				10BA0290299A7C5500A1739F /* Products */,
				CFEB331DC4754C84BB3CEE05 /* Pods */,
				60F81CF872DB59275A7989DB /* Frameworks */,
			);
			sourceTree = "<group>";
		};
		10BA0290299A7C5500A1739F /* Products */ = {
			isa = PBXGroup;
			children = (
				10BA028F299A7C5500A1739F /* PockerController.app */,
				10BA029F299A7C5700A1739F /* PockerControllerTests.xctest */,
				10BA02A9299A7C5700A1739F /* PockerControllerUITests.xctest */,
			);
			name = Products;
			sourceTree = "<group>";
		};
		10BA0291299A7C5500A1739F /* PockerController */ = {
			isa = PBXGroup;
			children = (
				10A1FFFD29AB373B00CB08ED /* Secrets.xcconfig */,
				10A1FFEF29AA0B0C00CB08ED /* Services */,
				1094007E29A5086300358EE8 /* Worker */,
				10BA02DF29A20E6200A1739F /* Router */,
				10BA02D229A0B1C500A1739F /* Models */,
				10BA02BF299A80E100A1739F /* Resources */,
				10BA02BC299A803100A1739F /* UI */,
				10BA0292299A7C5500A1739F /* PockerControllerApp.swift */,
				10BA02CB299A872D00A1739F /* Info.plist */,
				10BA0296299A7C5600A1739F /* Assets.xcassets */,
				10BA0298299A7C5600A1739F /* Preview Content */,
			);
			path = PockerController;
			sourceTree = "<group>";
		};
		10BA0298299A7C5600A1739F /* Preview Content */ = {
			isa = PBXGroup;
			children = (
				10BA0299299A7C5600A1739F /* Preview Assets.xcassets */,
			);
			path = "Preview Content";
			sourceTree = "<group>";
		};
		10BA02A2299A7C5700A1739F /* PockerControllerTests */ = {
			isa = PBXGroup;
			children = (
				10BA02A3299A7C5700A1739F /* PockerControllerTests.swift */,
			);
			path = PockerControllerTests;
			sourceTree = "<group>";
		};
		10BA02AC299A7C5700A1739F /* PockerControllerUITests */ = {
			isa = PBXGroup;
			children = (
				10BA02AD299A7C5700A1739F /* PockerControllerUITests.swift */,
				10BA02AF299A7C5700A1739F /* PockerControllerUITestsLaunchTests.swift */,
			);
			path = PockerControllerUITests;
			sourceTree = "<group>";
		};
		10BA02BC299A803100A1739F /* UI */ = {
			isa = PBXGroup;
			children = (
				10A1FFF629AA621400CB08ED /* Core */,
				10BA02BE299A808D00A1739F /* Screens */,
				10BA02BD299A807F00A1739F /* Components */,
			);
			path = UI;
			sourceTree = "<group>";
		};
		10BA02BD299A807F00A1739F /* Components */ = {
			isa = PBXGroup;
			children = (
				10BA02D829A1E0EF00A1739F /* Buttons */,
				10A1FFEB29A8AA5F00CB08ED /* Spinner.swift */,
			);
			path = Components;
			sourceTree = "<group>";
		};
		10BA02BE299A808D00A1739F /* Screens */ = {
			isa = PBXGroup;
			children = (
				10AEBF7929B86EFF00439B51 /* BarRoom */,
				10AEBF7829B86EF000439B51 /* GameRoom */,
				10AEBF7729B86EDE00439B51 /* WaitingRoom */,
				10A1FFE629A8805F00CB08ED /* RoomJoingToTheGame */,
				10A1FFDF29A87A8E00CB08ED /* QRCodeScanner */,
				10A1FFDC29A8792C00CB08ED /* Welcome */,
				10BA02CE299D1A8C00A1739F /* SplashView.swift */,
			);
			path = Screens;
			sourceTree = "<group>";
		};
		10BA02BF299A80E100A1739F /* Resources */ = {
			isa = PBXGroup;
			children = (
				1094001129A504AE00358EE8 /* Cards */,
				10BA02C0299A818800A1739F /* Fonts */,
				10BA02D429A0B23400A1739F /* ShemeColor.swift */,
				10BA02D629A10C0700A1739F /* Typography.swift */,
				10A1FFFE29AB388300CB08ED /* Constants.swift */,
			);
			path = Resources;
			sourceTree = "<group>";
		};
		10BA02C0299A818800A1739F /* Fonts */ = {
			isa = PBXGroup;
			children = (
				10BA02C1299A835200A1739F /* DDCHardware-Compressed.otf */,
				10BA02C3299A835200A1739F /* DDCHardware-Condensed.otf */,
				10BA02C5299A835200A1739F /* DDCHardware-Regular.otf */,
				10BA02C4299A835200A1739F /* Gilroy-Medium.ttf */,
				10BA02C2299A835200A1739F /* Gilroy-Regular.ttf */,
			);
			path = Fonts;
			sourceTree = "<group>";
		};
		10BA02D229A0B1C500A1739F /* Models */ = {
			isa = PBXGroup;
			children = (
				10A1FFF229AA4D0C00CB08ED /* ResponseData.swift */,
				10A1FFF429AA5C4700CB08ED /* RequestParams.swift */,
				10B8261029BA210800A11EA3 /* Types.swift */,
			);
			path = Models;
			sourceTree = "<group>";
		};
		10BA02D829A1E0EF00A1739F /* Buttons */ = {
			isa = PBXGroup;
			children = (
				10BA02D929A1E15700A1739F /* GoldButton.swift */,
				10A1FFED29A8D0E600CB08ED /* Back.swift */,
			);
			path = Buttons;
			sourceTree = "<group>";
		};
		10BA02DF29A20E6200A1739F /* Router */ = {
			isa = PBXGroup;
			children = (
				10BA02EB29A213F500A1739F /* Guest */,
				10BA02EA29A213EB00A1739F /* Auth */,
				10BA02F629A2298A00A1739F /* RootStack.swift */,
			);
			path = Router;
			sourceTree = "<group>";
		};
		10BA02EA29A213EB00A1739F /* Auth */ = {
			isa = PBXGroup;
			children = (
				10BA02E629A211C800A1739F /* AuthRouter.swift */,
				10BA02E429A2114100A1739F /* AuthStack.swift */,
				10BA02EE29A2143900A1739F /* AuthRoute.swift */,
			);
			path = Auth;
			sourceTree = "<group>";
		};
		10BA02EB29A213F500A1739F /* Guest */ = {
			isa = PBXGroup;
			children = (
				10BA02E829A211D600A1739F /* GuestRouter.swift */,
				10BA02E229A2113200A1739F /* GuestStack.swift */,
				10BA02EC29A2141600A1739F /* GuestRoute.swift */,
			);
			path = Guest;
			sourceTree = "<group>";
		};
		60F81CF872DB59275A7989DB /* Frameworks */ = {
			isa = PBXGroup;
			children = (
				C0F8887A22F73BCEB693934E /* Pods_PockerController.framework */,
				44516075CF58F5E0EBD11305 /* Pods_PockerController_PockerControllerUITests.framework */,
				170B172154BEAEEB4F640FAB /* Pods_PockerControllerTests.framework */,
			);
			name = Frameworks;
			sourceTree = "<group>";
		};
		CFEB331DC4754C84BB3CEE05 /* Pods */ = {
			isa = PBXGroup;
			children = (
				1A1A064D3B14B88FF7873DA3 /* Pods-PockerController.debug.xcconfig */,
				2E4125BA04026463EC29579A /* Pods-PockerController.release.xcconfig */,
				52ADCD1EEC8C26BFDC9578FA /* Pods-PockerController-PockerControllerUITests.debug.xcconfig */,
				283F2B83D8FE6A2B02CC86F9 /* Pods-PockerController-PockerControllerUITests.release.xcconfig */,
				76144146932874E03F50EC3A /* Pods-PockerControllerTests.debug.xcconfig */,
				7D94AABFDA3B40D046CABADF /* Pods-PockerControllerTests.release.xcconfig */,
			);
			path = Pods;
			sourceTree = "<group>";
		};
/* End PBXGroup section */

/* Begin PBXNativeTarget section */
		10BA028E299A7C5500A1739F /* PockerController */ = {
			isa = PBXNativeTarget;
			buildConfigurationList = 10BA02B3299A7C5700A1739F /* Build configuration list for PBXNativeTarget "PockerController" */;
			buildPhases = (
				D96BF1F03566E792AC13F93C /* [CP] Check Pods Manifest.lock */,
				10BA028B299A7C5500A1739F /* Sources */,
				10BA028C299A7C5500A1739F /* Frameworks */,
				10BA028D299A7C5500A1739F /* Resources */,
				4626764F8DED53AE5869E6A4 /* [CP] Embed Pods Frameworks */,
			);
			buildRules = (
			);
			dependencies = (
			);
			name = PockerController;
			productName = PockerController;
			productReference = 10BA028F299A7C5500A1739F /* PockerController.app */;
			productType = "com.apple.product-type.application";
		};
		10BA029E299A7C5700A1739F /* PockerControllerTests */ = {
			isa = PBXNativeTarget;
			buildConfigurationList = 10BA02B6299A7C5700A1739F /* Build configuration list for PBXNativeTarget "PockerControllerTests" */;
			buildPhases = (
				4DF2054FCD7B50E80316205F /* [CP] Check Pods Manifest.lock */,
				10BA029B299A7C5700A1739F /* Sources */,
				10BA029C299A7C5700A1739F /* Frameworks */,
				10BA029D299A7C5700A1739F /* Resources */,
			);
			buildRules = (
			);
			dependencies = (
				10BA02A1299A7C5700A1739F /* PBXTargetDependency */,
			);
			name = PockerControllerTests;
			productName = PockerControllerTests;
			productReference = 10BA029F299A7C5700A1739F /* PockerControllerTests.xctest */;
			productType = "com.apple.product-type.bundle.unit-test";
		};
		10BA02A8299A7C5700A1739F /* PockerControllerUITests */ = {
			isa = PBXNativeTarget;
			buildConfigurationList = 10BA02B9299A7C5700A1739F /* Build configuration list for PBXNativeTarget "PockerControllerUITests" */;
			buildPhases = (
				049FC0B5F0B6DF25E8B186FD /* [CP] Check Pods Manifest.lock */,
				10BA02A5299A7C5700A1739F /* Sources */,
				10BA02A6299A7C5700A1739F /* Frameworks */,
				10BA02A7299A7C5700A1739F /* Resources */,
				29E74F46C4756AE8897BCCD5 /* [CP] Embed Pods Frameworks */,
			);
			buildRules = (
			);
			dependencies = (
				10BA02AB299A7C5700A1739F /* PBXTargetDependency */,
			);
			name = PockerControllerUITests;
			productName = PockerControllerUITests;
			productReference = 10BA02A9299A7C5700A1739F /* PockerControllerUITests.xctest */;
			productType = "com.apple.product-type.bundle.ui-testing";
		};
/* End PBXNativeTarget section */

/* Begin PBXProject section */
		10BA0287299A7C5500A1739F /* Project object */ = {
			isa = PBXProject;
			attributes = {
				BuildIndependentTargetsInParallel = 1;
				LastSwiftUpdateCheck = 1420;
				LastUpgradeCheck = 1420;
				TargetAttributes = {
					10BA028E299A7C5500A1739F = {
						CreatedOnToolsVersion = 14.2;
					};
					10BA029E299A7C5700A1739F = {
						CreatedOnToolsVersion = 14.2;
						TestTargetID = 10BA028E299A7C5500A1739F;
					};
					10BA02A8299A7C5700A1739F = {
						CreatedOnToolsVersion = 14.2;
						TestTargetID = 10BA028E299A7C5500A1739F;
					};
				};
			};
			buildConfigurationList = 10BA028A299A7C5500A1739F /* Build configuration list for PBXProject "PockerController" */;
			compatibilityVersion = "Xcode 14.0";
			developmentRegion = en;
			hasScannedForEncodings = 0;
			knownRegions = (
				en,
				Base,
			);
			mainGroup = 10BA0286299A7C5500A1739F;
			productRefGroup = 10BA0290299A7C5500A1739F /* Products */;
			projectDirPath = "";
			projectRoot = "";
			targets = (
				10BA028E299A7C5500A1739F /* PockerController */,
				10BA029E299A7C5700A1739F /* PockerControllerTests */,
				10BA02A8299A7C5700A1739F /* PockerControllerUITests */,
			);
		};
/* End PBXProject section */

/* Begin PBXResourcesBuildPhase section */
		10BA028D299A7C5500A1739F /* Resources */ = {
			isa = PBXResourcesBuildPhase;
			buildActionMask = 2147483647;
			files = (
				1094007529A506AA00358EE8 /* 9S.png in Resources */,
				1094004C29A504DF00358EE8 /* 3D.png in Resources */,
				1094004A29A504DF00358EE8 /* 8D.png in Resources */,
				1094004F29A504DF00358EE8 /* 6C.png in Resources */,
				1094006829A504DF00358EE8 /* TD.png in Resources */,
				1094006029A504DF00358EE8 /* 9H.png in Resources */,
				1094004E29A504DF00358EE8 /* AC.png in Resources */,
				1094005929A504DF00358EE8 /* 2H.png in Resources */,
				1094004129A504DF00358EE8 /* 5D.png in Resources */,
				10BA02C6299A835200A1739F /* DDCHardware-Compressed.otf in Resources */,
				1094005B29A504DF00358EE8 /* 8C.png in Resources */,
				1094007629A506AA00358EE8 /* AS.png in Resources */,
				1094005229A504DF00358EE8 /* 9D.png in Resources */,
				1094005429A504DF00358EE8 /* JD.png in Resources */,
				1094006929A504DF00358EE8 /* 9C.png in Resources */,
				10BA02C9299A835200A1739F /* Gilroy-Medium.ttf in Resources */,
				1094004029A504DF00358EE8 /* 2S.png in Resources */,
				1094006429A504DF00358EE8 /* 3C.png in Resources */,
				10BA02CA299A835200A1739F /* DDCHardware-Regular.otf in Resources */,
				1094007D29A5072700358EE8 /* BackSide.png in Resources */,
				1094006B29A504DF00358EE8 /* KH.png in Resources */,
				1094005C29A504DF00358EE8 /* 3H.png in Resources */,
				1094006629A504DF00358EE8 /* 4S.png in Resources */,
				1094004829A504DF00358EE8 /* 7H.png in Resources */,
				1094007929A506AA00358EE8 /* KS.png in Resources */,
				1094004929A504DF00358EE8 /* AH.png in Resources */,
				1094004329A504DF00358EE8 /* 5S.png in Resources */,
				1094006529A504DF00358EE8 /* AD.png in Resources */,
				1094007A29A506AA00358EE8 /* QS.png in Resources */,
				1094005729A504DF00358EE8 /* JC.png in Resources */,
				1094004729A504DF00358EE8 /* TC.png in Resources */,
				1094004429A504DF00358EE8 /* 7C.png in Resources */,
				1094007429A506AA00358EE8 /* 7S.png in Resources */,
				1094005329A504DF00358EE8 /* KC.png in Resources */,
				10BA029A299A7C5600A1739F /* Preview Assets.xcassets in Resources */,
				1094005E29A504DF00358EE8 /* 5C.png in Resources */,
				1094005029A504DF00358EE8 /* 2D.png in Resources */,
				1094004629A504DF00358EE8 /* 4C.png in Resources */,
				1094006729A504DF00358EE8 /* QD.png in Resources */,
				1094007829A506AA00358EE8 /* 8S.png in Resources */,
				1094004229A504DF00358EE8 /* 6S.png in Resources */,
				1094003F29A504DF00358EE8 /* QH.png in Resources */,
				1094004529A504DF00358EE8 /* 2C.png in Resources */,
				1094004D29A504DF00358EE8 /* QC.png in Resources */,
				1094007729A506AA00358EE8 /* TS.png in Resources */,
				1094006229A504DF00358EE8 /* 7D.png in Resources */,
				10BA02C8299A835200A1739F /* DDCHardware-Condensed.otf in Resources */,
				1094007B29A506AA00358EE8 /* JS.png in Resources */,
				1094004B29A504DF00358EE8 /* JH.png in Resources */,
				1094005F29A504DF00358EE8 /* 5H.png in Resources */,
				10BA0297299A7C5600A1739F /* Assets.xcassets in Resources */,
				1094006129A504DF00358EE8 /* 3S.png in Resources */,
				1094005A29A504DF00358EE8 /* KD.png in Resources */,
				1094005529A504DF00358EE8 /* 4H.png in Resources */,
				1094006329A504DF00358EE8 /* 6D.png in Resources */,
				10BA02C7299A835200A1739F /* Gilroy-Regular.ttf in Resources */,
				1094006A29A504DF00358EE8 /* 4D.png in Resources */,
				1094005129A504DF00358EE8 /* 8H.png in Resources */,
				1094005629A504DF00358EE8 /* TH.png in Resources */,
				1094005D29A504DF00358EE8 /* 6H.png in Resources */,
			);
			runOnlyForDeploymentPostprocessing = 0;
		};
		10BA029D299A7C5700A1739F /* Resources */ = {
			isa = PBXResourcesBuildPhase;
			buildActionMask = 2147483647;
			files = (
			);
			runOnlyForDeploymentPostprocessing = 0;
		};
		10BA02A7299A7C5700A1739F /* Resources */ = {
			isa = PBXResourcesBuildPhase;
			buildActionMask = 2147483647;
			files = (
			);
			runOnlyForDeploymentPostprocessing = 0;
		};
/* End PBXResourcesBuildPhase section */

/* Begin PBXShellScriptBuildPhase section */
		049FC0B5F0B6DF25E8B186FD /* [CP] Check Pods Manifest.lock */ = {
			isa = PBXShellScriptBuildPhase;
			buildActionMask = 2147483647;
			files = (
			);
			inputFileListPaths = (
			);
			inputPaths = (
				"${PODS_PODFILE_DIR_PATH}/Podfile.lock",
				"${PODS_ROOT}/Manifest.lock",
			);
			name = "[CP] Check Pods Manifest.lock";
			outputFileListPaths = (
			);
			outputPaths = (
				"$(DERIVED_FILE_DIR)/Pods-PockerController-PockerControllerUITests-checkManifestLockResult.txt",
			);
			runOnlyForDeploymentPostprocessing = 0;
			shellPath = /bin/sh;
			shellScript = "diff \"${PODS_PODFILE_DIR_PATH}/Podfile.lock\" \"${PODS_ROOT}/Manifest.lock\" > /dev/null\nif [ $? != 0 ] ; then\n    # print error to STDERR\n    echo \"error: The sandbox is not in sync with the Podfile.lock. Run 'pod install' or update your CocoaPods installation.\" >&2\n    exit 1\nfi\n# This output is used by Xcode 'outputs' to avoid re-running this script phase.\necho \"SUCCESS\" > \"${SCRIPT_OUTPUT_FILE_0}\"\n";
			showEnvVarsInLog = 0;
		};
		29E74F46C4756AE8897BCCD5 /* [CP] Embed Pods Frameworks */ = {
			isa = PBXShellScriptBuildPhase;
			buildActionMask = 2147483647;
			files = (
			);
			inputFileListPaths = (
				"${PODS_ROOT}/Target Support Files/Pods-PockerController-PockerControllerUITests/Pods-PockerController-PockerControllerUITests-frameworks-${CONFIGURATION}-input-files.xcfilelist",
			);
			name = "[CP] Embed Pods Frameworks";
			outputFileListPaths = (
				"${PODS_ROOT}/Target Support Files/Pods-PockerController-PockerControllerUITests/Pods-PockerController-PockerControllerUITests-frameworks-${CONFIGURATION}-output-files.xcfilelist",
			);
			runOnlyForDeploymentPostprocessing = 0;
			shellPath = /bin/sh;
			shellScript = "\"${PODS_ROOT}/Target Support Files/Pods-PockerController-PockerControllerUITests/Pods-PockerController-PockerControllerUITests-frameworks.sh\"\n";
			showEnvVarsInLog = 0;
		};
		4626764F8DED53AE5869E6A4 /* [CP] Embed Pods Frameworks */ = {
			isa = PBXShellScriptBuildPhase;
			buildActionMask = 2147483647;
			files = (
			);
			inputFileListPaths = (
				"${PODS_ROOT}/Target Support Files/Pods-PockerController/Pods-PockerController-frameworks-${CONFIGURATION}-input-files.xcfilelist",
			);
			name = "[CP] Embed Pods Frameworks";
			outputFileListPaths = (
				"${PODS_ROOT}/Target Support Files/Pods-PockerController/Pods-PockerController-frameworks-${CONFIGURATION}-output-files.xcfilelist",
			);
			runOnlyForDeploymentPostprocessing = 0;
			shellPath = /bin/sh;
			shellScript = "\"${PODS_ROOT}/Target Support Files/Pods-PockerController/Pods-PockerController-frameworks.sh\"\n";
			showEnvVarsInLog = 0;
		};
		4DF2054FCD7B50E80316205F /* [CP] Check Pods Manifest.lock */ = {
			isa = PBXShellScriptBuildPhase;
			buildActionMask = 2147483647;
			files = (
			);
			inputFileListPaths = (
			);
			inputPaths = (
				"${PODS_PODFILE_DIR_PATH}/Podfile.lock",
				"${PODS_ROOT}/Manifest.lock",
			);
			name = "[CP] Check Pods Manifest.lock";
			outputFileListPaths = (
			);
			outputPaths = (
				"$(DERIVED_FILE_DIR)/Pods-PockerControllerTests-checkManifestLockResult.txt",
			);
			runOnlyForDeploymentPostprocessing = 0;
			shellPath = /bin/sh;
			shellScript = "diff \"${PODS_PODFILE_DIR_PATH}/Podfile.lock\" \"${PODS_ROOT}/Manifest.lock\" > /dev/null\nif [ $? != 0 ] ; then\n    # print error to STDERR\n    echo \"error: The sandbox is not in sync with the Podfile.lock. Run 'pod install' or update your CocoaPods installation.\" >&2\n    exit 1\nfi\n# This output is used by Xcode 'outputs' to avoid re-running this script phase.\necho \"SUCCESS\" > \"${SCRIPT_OUTPUT_FILE_0}\"\n";
			showEnvVarsInLog = 0;
		};
		D96BF1F03566E792AC13F93C /* [CP] Check Pods Manifest.lock */ = {
			isa = PBXShellScriptBuildPhase;
			buildActionMask = 2147483647;
			files = (
			);
			inputFileListPaths = (
			);
			inputPaths = (
				"${PODS_PODFILE_DIR_PATH}/Podfile.lock",
				"${PODS_ROOT}/Manifest.lock",
			);
			name = "[CP] Check Pods Manifest.lock";
			outputFileListPaths = (
			);
			outputPaths = (
				"$(DERIVED_FILE_DIR)/Pods-PockerController-checkManifestLockResult.txt",
			);
			runOnlyForDeploymentPostprocessing = 0;
			shellPath = /bin/sh;
			shellScript = "diff \"${PODS_PODFILE_DIR_PATH}/Podfile.lock\" \"${PODS_ROOT}/Manifest.lock\" > /dev/null\nif [ $? != 0 ] ; then\n    # print error to STDERR\n    echo \"error: The sandbox is not in sync with the Podfile.lock. Run 'pod install' or update your CocoaPods installation.\" >&2\n    exit 1\nfi\n# This output is used by Xcode 'outputs' to avoid re-running this script phase.\necho \"SUCCESS\" > \"${SCRIPT_OUTPUT_FILE_0}\"\n";
			showEnvVarsInLog = 0;
		};
/* End PBXShellScriptBuildPhase section */

/* Begin PBXSourcesBuildPhase section */
		10BA028B299A7C5500A1739F /* Sources */ = {
			isa = PBXSourcesBuildPhase;
			buildActionMask = 2147483647;
			files = (
				10B8261729BB7C3500A11EA3 /* WaitingRoomView.swift in Sources */,
				10B8261929BB7CF900A11EA3 /* BarRoomView.swift in Sources */,
				10AEBF6C29B8283C00439B51 /* Action.swift in Sources */,
				10BA02F729A2298A00A1739F /* RootStack.swift in Sources */,
				10BA02D729A10C0700A1739F /* Typography.swift in Sources */,
				10BA02E929A211D600A1739F /* GuestRouter.swift in Sources */,
				10B8261F29BB7E5B00A11EA3 /* GameRoomView.swift in Sources */,
				10BA02D529A0B23400A1739F /* ShemeColor.swift in Sources */,
				10B8261D29BB7D1900A11EA3 /* BarRoomAssembly.swift in Sources */,
				10B8261329BB7A1100A11EA3 /* WaitingRoomViewModel.swift in Sources */,
				10BA02EF29A2143900A1739F /* AuthRoute.swift in Sources */,
				10AEBF7629B857F000439B51 /* QRCodeScannerWorker.swift in Sources */,
				10B8261529BB7A3200A11EA3 /* WaitingRoomAssembly.swift in Sources */,
				10A1FFF929AA625C00CB08ED /* Api.swift in Sources */,
				10A1FFF329AA4D0C00CB08ED /* ResponseData.swift in Sources */,
				10A1FFE829A880AD00CB08ED /* RoomJoingToTheGameViewModel.swift in Sources */,
				10BA02DA29A1E15700A1739F /* GoldButton.swift in Sources */,
				10A1FFEA29A880CD00CB08ED /* RoomJoingToTheGameAssembly.swift in Sources */,
				10AEBF7B29B876B200439B51 /* Selectors.swift in Sources */,
				10BA02E329A2113200A1739F /* GuestStack.swift in Sources */,
				10BA02ED29A2141600A1739F /* GuestRoute.swift in Sources */,
				10A1FFF129AA0B7B00CB08ED /* DeviceRotationViewModifier.swift in Sources */,
				1094008129A508BB00358EE8 /* Events.swift in Sources */,
				10AEBF7029B8286700439B51 /* Reducer.swift in Sources */,
				10A1FFDB29A874EE00CB08ED /* RoomJoingToTheGameView.swift in Sources */,
				10B8262129BB7E6700A11EA3 /* GameRoomViewModel.swift in Sources */,
				10A1FFE129A87AD000CB08ED /* QrCodeScannerViewModel.swift in Sources */,
				10A1FFE329A87D9000CB08ED /* WelcomeAssembly.swift in Sources */,
				10A1FFDE29A8794D00CB08ED /* WelcomeViewModel.swift in Sources */,
				10A1FFD929A739B900CB08ED /* QRCodeViewController.swift in Sources */,
				10BA0293299A7C5500A1739F /* PockerControllerApp.swift in Sources */,
				10B8262329BB7E9A00A11EA3 /* GameRoomAssembly.swift in Sources */,
				10BA02E529A2114100A1739F /* AuthStack.swift in Sources */,
				10A1FFEE29A8D0E600CB08ED /* Back.swift in Sources */,
				10A1FFF529AA5C4700CB08ED /* RequestParams.swift in Sources */,
				10B8261B29BB7D0700A11EA3 /* BarRoomViewModel.swift in Sources */,
				10BA02CF299D1A8C00A1739F /* SplashView.swift in Sources */,
				10BA02DE29A20BC400A1739F /* QrCodeScannerView.swift in Sources */,
				10BA02D129A0ACCD00A1739F /* WelcomeView.swift in Sources */,
				10BA02E729A211C800A1739F /* AuthRouter.swift in Sources */,
				10B8261129BA210800A11EA3 /* Types.swift in Sources */,
				10A1FFEC29A8AA5F00CB08ED /* Spinner.swift in Sources */,
				10BA02DC29A1F1B700A1739F /* BackgroundClearView.swift in Sources */,
				10A1FFE529A87E8400CB08ED /* QRCodeScannerAssembly.swift in Sources */,
				10AEBF6E29B8285300439B51 /* AppState.swift in Sources */,
				10AEBF7229B8287800439B51 /* Store.swift in Sources */,
				10A1FFFF29AB388300CB08ED /* Constants.swift in Sources */,
			);
			runOnlyForDeploymentPostprocessing = 0;
		};
		10BA029B299A7C5700A1739F /* Sources */ = {
			isa = PBXSourcesBuildPhase;
			buildActionMask = 2147483647;
			files = (
				10BA02A4299A7C5700A1739F /* PockerControllerTests.swift in Sources */,
			);
			runOnlyForDeploymentPostprocessing = 0;
		};
		10BA02A5299A7C5700A1739F /* Sources */ = {
			isa = PBXSourcesBuildPhase;
			buildActionMask = 2147483647;
			files = (
				10BA02B0299A7C5700A1739F /* PockerControllerUITestsLaunchTests.swift in Sources */,
				10BA02AE299A7C5700A1739F /* PockerControllerUITests.swift in Sources */,
			);
			runOnlyForDeploymentPostprocessing = 0;
		};
/* End PBXSourcesBuildPhase section */

/* Begin PBXTargetDependency section */
		10BA02A1299A7C5700A1739F /* PBXTargetDependency */ = {
			isa = PBXTargetDependency;
			target = 10BA028E299A7C5500A1739F /* PockerController */;
			targetProxy = 10BA02A0299A7C5700A1739F /* PBXContainerItemProxy */;
		};
		10BA02AB299A7C5700A1739F /* PBXTargetDependency */ = {
			isa = PBXTargetDependency;
			target = 10BA028E299A7C5500A1739F /* PockerController */;
			targetProxy = 10BA02AA299A7C5700A1739F /* PBXContainerItemProxy */;
		};
/* End PBXTargetDependency section */

/* Begin XCBuildConfiguration section */
		10BA02B1299A7C5700A1739F /* Debug */ = {
			isa = XCBuildConfiguration;
			baseConfigurationReference = 10A1FFFD29AB373B00CB08ED /* Secrets.xcconfig */;
			buildSettings = {
				ALWAYS_SEARCH_USER_PATHS = NO;
				CLANG_ANALYZER_NONNULL = YES;
				CLANG_ANALYZER_NUMBER_OBJECT_CONVERSION = YES_AGGRESSIVE;
				CLANG_CXX_LANGUAGE_STANDARD = "gnu++20";
				CLANG_ENABLE_MODULES = YES;
				CLANG_ENABLE_OBJC_ARC = YES;
				CLANG_ENABLE_OBJC_WEAK = YES;
				CLANG_WARN_BLOCK_CAPTURE_AUTORELEASING = YES;
				CLANG_WARN_BOOL_CONVERSION = YES;
				CLANG_WARN_COMMA = YES;
				CLANG_WARN_CONSTANT_CONVERSION = YES;
				CLANG_WARN_DEPRECATED_OBJC_IMPLEMENTATIONS = YES;
				CLANG_WARN_DIRECT_OBJC_ISA_USAGE = YES_ERROR;
				CLANG_WARN_DOCUMENTATION_COMMENTS = YES;
				CLANG_WARN_EMPTY_BODY = YES;
				CLANG_WARN_ENUM_CONVERSION = YES;
				CLANG_WARN_INFINITE_RECURSION = YES;
				CLANG_WARN_INT_CONVERSION = YES;
				CLANG_WARN_NON_LITERAL_NULL_CONVERSION = YES;
				CLANG_WARN_OBJC_IMPLICIT_RETAIN_SELF = YES;
				CLANG_WARN_OBJC_LITERAL_CONVERSION = YES;
				CLANG_WARN_OBJC_ROOT_CLASS = YES_ERROR;
				CLANG_WARN_QUOTED_INCLUDE_IN_FRAMEWORK_HEADER = YES;
				CLANG_WARN_RANGE_LOOP_ANALYSIS = YES;
				CLANG_WARN_STRICT_PROTOTYPES = YES;
				CLANG_WARN_SUSPICIOUS_MOVE = YES;
				CLANG_WARN_UNGUARDED_AVAILABILITY = YES_AGGRESSIVE;
				CLANG_WARN_UNREACHABLE_CODE = YES;
				CLANG_WARN__DUPLICATE_METHOD_MATCH = YES;
				COPY_PHASE_STRIP = NO;
				DEBUG_INFORMATION_FORMAT = dwarf;
				ENABLE_STRICT_OBJC_MSGSEND = YES;
				ENABLE_TESTABILITY = YES;
				GCC_C_LANGUAGE_STANDARD = gnu11;
				GCC_DYNAMIC_NO_PIC = NO;
				GCC_NO_COMMON_BLOCKS = YES;
				GCC_OPTIMIZATION_LEVEL = 0;
				GCC_PREPROCESSOR_DEFINITIONS = (
					"DEBUG=1",
					"$(inherited)",
				);
				GCC_WARN_64_TO_32_BIT_CONVERSION = YES;
				GCC_WARN_ABOUT_RETURN_TYPE = YES_ERROR;
				GCC_WARN_UNDECLARED_SELECTOR = YES;
				GCC_WARN_UNINITIALIZED_AUTOS = YES_AGGRESSIVE;
				GCC_WARN_UNUSED_FUNCTION = YES;
				GCC_WARN_UNUSED_VARIABLE = YES;
				GENERATE_INFOPLIST_FILE = YES;
				IPHONEOS_DEPLOYMENT_TARGET = 16.2;
				MTL_ENABLE_DEBUG_INFO = INCLUDE_SOURCE;
				MTL_FAST_MATH = YES;
				ONLY_ACTIVE_ARCH = YES;
				SDKROOT = iphoneos;
				SWIFT_ACTIVE_COMPILATION_CONDITIONS = DEBUG;
				SWIFT_OPTIMIZATION_LEVEL = "-Onone";
			};
			name = Debug;
		};
		10BA02B2299A7C5700A1739F /* Release */ = {
			isa = XCBuildConfiguration;
			baseConfigurationReference = 10A1FFFD29AB373B00CB08ED /* Secrets.xcconfig */;
			buildSettings = {
				ALWAYS_SEARCH_USER_PATHS = NO;
				CLANG_ANALYZER_NONNULL = YES;
				CLANG_ANALYZER_NUMBER_OBJECT_CONVERSION = YES_AGGRESSIVE;
				CLANG_CXX_LANGUAGE_STANDARD = "gnu++20";
				CLANG_ENABLE_MODULES = YES;
				CLANG_ENABLE_OBJC_ARC = YES;
				CLANG_ENABLE_OBJC_WEAK = YES;
				CLANG_WARN_BLOCK_CAPTURE_AUTORELEASING = YES;
				CLANG_WARN_BOOL_CONVERSION = YES;
				CLANG_WARN_COMMA = YES;
				CLANG_WARN_CONSTANT_CONVERSION = YES;
				CLANG_WARN_DEPRECATED_OBJC_IMPLEMENTATIONS = YES;
				CLANG_WARN_DIRECT_OBJC_ISA_USAGE = YES_ERROR;
				CLANG_WARN_DOCUMENTATION_COMMENTS = YES;
				CLANG_WARN_EMPTY_BODY = YES;
				CLANG_WARN_ENUM_CONVERSION = YES;
				CLANG_WARN_INFINITE_RECURSION = YES;
				CLANG_WARN_INT_CONVERSION = YES;
				CLANG_WARN_NON_LITERAL_NULL_CONVERSION = YES;
				CLANG_WARN_OBJC_IMPLICIT_RETAIN_SELF = YES;
				CLANG_WARN_OBJC_LITERAL_CONVERSION = YES;
				CLANG_WARN_OBJC_ROOT_CLASS = YES_ERROR;
				CLANG_WARN_QUOTED_INCLUDE_IN_FRAMEWORK_HEADER = YES;
				CLANG_WARN_RANGE_LOOP_ANALYSIS = YES;
				CLANG_WARN_STRICT_PROTOTYPES = YES;
				CLANG_WARN_SUSPICIOUS_MOVE = YES;
				CLANG_WARN_UNGUARDED_AVAILABILITY = YES_AGGRESSIVE;
				CLANG_WARN_UNREACHABLE_CODE = YES;
				CLANG_WARN__DUPLICATE_METHOD_MATCH = YES;
				COPY_PHASE_STRIP = NO;
				DEBUG_INFORMATION_FORMAT = "dwarf-with-dsym";
				ENABLE_NS_ASSERTIONS = NO;
				ENABLE_STRICT_OBJC_MSGSEND = YES;
				GCC_C_LANGUAGE_STANDARD = gnu11;
				GCC_NO_COMMON_BLOCKS = YES;
				GCC_WARN_64_TO_32_BIT_CONVERSION = YES;
				GCC_WARN_ABOUT_RETURN_TYPE = YES_ERROR;
				GCC_WARN_UNDECLARED_SELECTOR = YES;
				GCC_WARN_UNINITIALIZED_AUTOS = YES_AGGRESSIVE;
				GCC_WARN_UNUSED_FUNCTION = YES;
				GCC_WARN_UNUSED_VARIABLE = YES;
				GENERATE_INFOPLIST_FILE = YES;
				IPHONEOS_DEPLOYMENT_TARGET = 16.2;
				MTL_ENABLE_DEBUG_INFO = NO;
				MTL_FAST_MATH = YES;
				SDKROOT = iphoneos;
				SWIFT_COMPILATION_MODE = wholemodule;
				SWIFT_OPTIMIZATION_LEVEL = "-O";
				VALIDATE_PRODUCT = YES;
			};
			name = Release;
		};
		10BA02B4299A7C5700A1739F /* Debug */ = {
			isa = XCBuildConfiguration;
			baseConfigurationReference = 1A1A064D3B14B88FF7873DA3 /* Pods-PockerController.debug.xcconfig */;
			buildSettings = {
				ASSETCATALOG_COMPILER_APPICON_NAME = AppIcon;
				ASSETCATALOG_COMPILER_GLOBAL_ACCENT_COLOR_NAME = AccentColor;
				CODE_SIGN_STYLE = Automatic;
				CURRENT_PROJECT_VERSION = 1;
				DEVELOPMENT_ASSET_PATHS = "\"PockerController/Preview Content\"";
				DEVELOPMENT_TEAM = YSK2HKXP57;
				ENABLE_PREVIEWS = YES;
				GENERATE_INFOPLIST_FILE = YES;
				INFOPLIST_FILE = PockerController/Info.plist;
				INFOPLIST_KEY_UIApplicationSceneManifest_Generation = YES;
				INFOPLIST_KEY_UIApplicationSupportsIndirectInputEvents = YES;
				INFOPLIST_KEY_UILaunchScreen_Generation = YES;
				INFOPLIST_KEY_UISupportedInterfaceOrientations_iPad = "UIInterfaceOrientationPortrait UIInterfaceOrientationPortraitUpsideDown UIInterfaceOrientationLandscapeLeft UIInterfaceOrientationLandscapeRight";
				INFOPLIST_KEY_UISupportedInterfaceOrientations_iPhone = "UIInterfaceOrientationPortrait UIInterfaceOrientationLandscapeLeft UIInterfaceOrientationLandscapeRight";
				LD_RUNPATH_SEARCH_PATHS = (
					"$(inherited)",
					"@executable_path/Frameworks",
				);
				MARKETING_VERSION = 1.0;
				PRODUCT_BUNDLE_IDENTIFIER = app.PockerController;
				PRODUCT_NAME = "$(TARGET_NAME)";
				SWIFT_EMIT_LOC_STRINGS = YES;
				SWIFT_VERSION = 5.0;
				TARGETED_DEVICE_FAMILY = "1,2";
			};
			name = Debug;
		};
		10BA02B5299A7C5700A1739F /* Release */ = {
			isa = XCBuildConfiguration;
			baseConfigurationReference = 2E4125BA04026463EC29579A /* Pods-PockerController.release.xcconfig */;
			buildSettings = {
				ASSETCATALOG_COMPILER_APPICON_NAME = AppIcon;
				ASSETCATALOG_COMPILER_GLOBAL_ACCENT_COLOR_NAME = AccentColor;
				CODE_SIGN_STYLE = Automatic;
				CURRENT_PROJECT_VERSION = 1;
				DEVELOPMENT_ASSET_PATHS = "\"PockerController/Preview Content\"";
				DEVELOPMENT_TEAM = YSK2HKXP57;
				ENABLE_PREVIEWS = YES;
				GENERATE_INFOPLIST_FILE = YES;
				INFOPLIST_FILE = PockerController/Info.plist;
				INFOPLIST_KEY_UIApplicationSceneManifest_Generation = YES;
				INFOPLIST_KEY_UIApplicationSupportsIndirectInputEvents = YES;
				INFOPLIST_KEY_UILaunchScreen_Generation = YES;
				INFOPLIST_KEY_UISupportedInterfaceOrientations_iPad = "UIInterfaceOrientationPortrait UIInterfaceOrientationPortraitUpsideDown UIInterfaceOrientationLandscapeLeft UIInterfaceOrientationLandscapeRight";
				INFOPLIST_KEY_UISupportedInterfaceOrientations_iPhone = "UIInterfaceOrientationPortrait UIInterfaceOrientationLandscapeLeft UIInterfaceOrientationLandscapeRight";
				LD_RUNPATH_SEARCH_PATHS = (
					"$(inherited)",
					"@executable_path/Frameworks",
				);
				MARKETING_VERSION = 1.0;
				PRODUCT_BUNDLE_IDENTIFIER = app.PockerController;
				PRODUCT_NAME = "$(TARGET_NAME)";
				SWIFT_EMIT_LOC_STRINGS = YES;
				SWIFT_VERSION = 5.0;
				TARGETED_DEVICE_FAMILY = "1,2";
			};
			name = Release;
		};
		10BA02B7299A7C5700A1739F /* Debug */ = {
			isa = XCBuildConfiguration;
			baseConfigurationReference = 76144146932874E03F50EC3A /* Pods-PockerControllerTests.debug.xcconfig */;
			buildSettings = {
				ALWAYS_EMBED_SWIFT_STANDARD_LIBRARIES = YES;
				BUNDLE_LOADER = "$(TEST_HOST)";
				CODE_SIGN_STYLE = Automatic;
				CURRENT_PROJECT_VERSION = 1;
				GENERATE_INFOPLIST_FILE = YES;
				IPHONEOS_DEPLOYMENT_TARGET = 16.2;
				MARKETING_VERSION = 1.0;
				PRODUCT_BUNDLE_IDENTIFIER = app.PockerControllerTests;
				PRODUCT_NAME = "$(TARGET_NAME)";
				SWIFT_EMIT_LOC_STRINGS = NO;
				SWIFT_VERSION = 5.0;
				TARGETED_DEVICE_FAMILY = "1,2";
				TEST_HOST = "$(BUILT_PRODUCTS_DIR)/PockerController.app/$(BUNDLE_EXECUTABLE_FOLDER_PATH)/PockerController";
			};
			name = Debug;
		};
		10BA02B8299A7C5700A1739F /* Release */ = {
			isa = XCBuildConfiguration;
			baseConfigurationReference = 7D94AABFDA3B40D046CABADF /* Pods-PockerControllerTests.release.xcconfig */;
			buildSettings = {
				ALWAYS_EMBED_SWIFT_STANDARD_LIBRARIES = YES;
				BUNDLE_LOADER = "$(TEST_HOST)";
				CODE_SIGN_STYLE = Automatic;
				CURRENT_PROJECT_VERSION = 1;
				GENERATE_INFOPLIST_FILE = YES;
				IPHONEOS_DEPLOYMENT_TARGET = 16.2;
				MARKETING_VERSION = 1.0;
				PRODUCT_BUNDLE_IDENTIFIER = app.PockerControllerTests;
				PRODUCT_NAME = "$(TARGET_NAME)";
				SWIFT_EMIT_LOC_STRINGS = NO;
				SWIFT_VERSION = 5.0;
				TARGETED_DEVICE_FAMILY = "1,2";
				TEST_HOST = "$(BUILT_PRODUCTS_DIR)/PockerController.app/$(BUNDLE_EXECUTABLE_FOLDER_PATH)/PockerController";
			};
			name = Release;
		};
		10BA02BA299A7C5700A1739F /* Debug */ = {
			isa = XCBuildConfiguration;
			baseConfigurationReference = 52ADCD1EEC8C26BFDC9578FA /* Pods-PockerController-PockerControllerUITests.debug.xcconfig */;
			buildSettings = {
				ALWAYS_EMBED_SWIFT_STANDARD_LIBRARIES = YES;
				CODE_SIGN_STYLE = Automatic;
				CURRENT_PROJECT_VERSION = 1;
				GENERATE_INFOPLIST_FILE = YES;
				MARKETING_VERSION = 1.0;
				PRODUCT_BUNDLE_IDENTIFIER = app.PockerControllerUITests;
				PRODUCT_NAME = "$(TARGET_NAME)";
				SWIFT_EMIT_LOC_STRINGS = NO;
				SWIFT_VERSION = 5.0;
				TARGETED_DEVICE_FAMILY = "1,2";
				TEST_TARGET_NAME = PockerController;
			};
			name = Debug;
		};
		10BA02BB299A7C5700A1739F /* Release */ = {
			isa = XCBuildConfiguration;
			baseConfigurationReference = 283F2B83D8FE6A2B02CC86F9 /* Pods-PockerController-PockerControllerUITests.release.xcconfig */;
			buildSettings = {
				ALWAYS_EMBED_SWIFT_STANDARD_LIBRARIES = YES;
				CODE_SIGN_STYLE = Automatic;
				CURRENT_PROJECT_VERSION = 1;
				GENERATE_INFOPLIST_FILE = YES;
				MARKETING_VERSION = 1.0;
				PRODUCT_BUNDLE_IDENTIFIER = app.PockerControllerUITests;
				PRODUCT_NAME = "$(TARGET_NAME)";
				SWIFT_EMIT_LOC_STRINGS = NO;
				SWIFT_VERSION = 5.0;
				TARGETED_DEVICE_FAMILY = "1,2";
				TEST_TARGET_NAME = PockerController;
			};
			name = Release;
		};
/* End XCBuildConfiguration section */

/* Begin XCConfigurationList section */
		10BA028A299A7C5500A1739F /* Build configuration list for PBXProject "PockerController" */ = {
			isa = XCConfigurationList;
			buildConfigurations = (
				10BA02B1299A7C5700A1739F /* Debug */,
				10BA02B2299A7C5700A1739F /* Release */,
			);
			defaultConfigurationIsVisible = 0;
			defaultConfigurationName = Release;
		};
		10BA02B3299A7C5700A1739F /* Build configuration list for PBXNativeTarget "PockerController" */ = {
			isa = XCConfigurationList;
			buildConfigurations = (
				10BA02B4299A7C5700A1739F /* Debug */,
				10BA02B5299A7C5700A1739F /* Release */,
			);
			defaultConfigurationIsVisible = 0;
			defaultConfigurationName = Release;
		};
		10BA02B6299A7C5700A1739F /* Build configuration list for PBXNativeTarget "PockerControllerTests" */ = {
			isa = XCConfigurationList;
			buildConfigurations = (
				10BA02B7299A7C5700A1739F /* Debug */,
				10BA02B8299A7C5700A1739F /* Release */,
			);
			defaultConfigurationIsVisible = 0;
			defaultConfigurationName = Release;
		};
		10BA02B9299A7C5700A1739F /* Build configuration list for PBXNativeTarget "PockerControllerUITests" */ = {
			isa = XCConfigurationList;
			buildConfigurations = (
				10BA02BA299A7C5700A1739F /* Debug */,
				10BA02BB299A7C5700A1739F /* Release */,
			);
			defaultConfigurationIsVisible = 0;
			defaultConfigurationName = Release;
		};
/* End XCConfigurationList section */
	};
	rootObject = 10BA0287299A7C5500A1739F /* Project object */;
}
